// !$*UTF8*$!
{
	archiveVersion = 1;
	classes = {
	};
	objectVersion = 46;
	objects = {

/* Begin PBXBuildFile section */
		4201FDD81E006C1B00101870 /* GlobalAttributes.swift in Sources */ = {isa = PBXBuildFile; fileRef = 4201FDD71E006C1B00101870 /* GlobalAttributes.swift */; };
		4201FDDA1E01ACEE00101870 /* PanSliderCtrl.swift in Sources */ = {isa = PBXBuildFile; fileRef = 4201FDD91E01ACEE00101870 /* PanSliderCtrl.swift */; };
		421425EA1DFCDB510092BCB4 /* BeatFilter.swift in Sources */ = {isa = PBXBuildFile; fileRef = 421425E91DFCDB510092BCB4 /* BeatFilter.swift */; };
		421425ED1DFCDC040092BCB4 /* SongDatabase.swift in Sources */ = {isa = PBXBuildFile; fileRef = 421425EB1DFCDC040092BCB4 /* SongDatabase.swift */; };
		421425EE1DFCDC040092BCB4 /* SongLibraryLists.swift in Sources */ = {isa = PBXBuildFile; fileRef = 421425EC1DFCDC040092BCB4 /* SongLibraryLists.swift */; };
		421425F01DFCDC130092BCB4 /* Sounds_electronic_drumset in Resources */ = {isa = PBXBuildFile; fileRef = 421425EF1DFCDC130092BCB4 /* Sounds_electronic_drumset */; };
		42456FA71D73B583005D83A5 /* AudioKit.framework in Frameworks */ = {isa = PBXBuildFile; fileRef = 42456FA61D73B583005D83A5 /* AudioKit.framework */; };
		42456FA81D73B583005D83A5 /* AudioKit.framework in Embed Frameworks */ = {isa = PBXBuildFile; fileRef = 42456FA61D73B583005D83A5 /* AudioKit.framework */; settings = {ATTRIBUTES = (CodeSignOnCopy, RemoveHeadersOnCopy, ); }; };
		424D86441E2ADEC400B540D8 /* DetectDevice.swift in Sources */ = {isa = PBXBuildFile; fileRef = 424D86431E2ADEC400B540D8 /* DetectDevice.swift */; };
		4254BC451D4D8366007572B6 /* PopupBlur.swift in Sources */ = {isa = PBXBuildFile; fileRef = 4254BC441D4D8366007572B6 /* PopupBlur.swift */; };
		4254BC491D4E9DE6007572B6 /* PopupButton.swift in Sources */ = {isa = PBXBuildFile; fileRef = 4254BC481D4E9DE6007572B6 /* PopupButton.swift */; };
		4254DD941E01C1EE005EFDFF /* SliderCtrl.swift in Sources */ = {isa = PBXBuildFile; fileRef = 4254DD931E01C1EE005EFDFF /* SliderCtrl.swift */; };
		4254DD961E01C26B005EFDFF /* VolumeSliderCtrl.swift in Sources */ = {isa = PBXBuildFile; fileRef = 4254DD951E01C26B005EFDFF /* VolumeSliderCtrl.swift */; };
		42986EA71E03048D0020F028 /* TrackMeasuresSliderCtrl.swift in Sources */ = {isa = PBXBuildFile; fileRef = 42986EA61E03048D0020F028 /* TrackMeasuresSliderCtrl.swift */; };
		42986EAA1E0306960020F028 /* TempoSliderCtrl.swift in Sources */ = {isa = PBXBuildFile; fileRef = 42986EA91E0306960020F028 /* TempoSliderCtrl.swift */; };
		42986EAC1E0306FB0020F028 /* TimeSigSliderCtrl.swift in Sources */ = {isa = PBXBuildFile; fileRef = 42986EAB1E0306FB0020F028 /* TimeSigSliderCtrl.swift */; };
		42986EAE1E0307180020F028 /* GlobalMeasuresCtrl.swift in Sources */ = {isa = PBXBuildFile; fileRef = 42986EAD1E0307180020F028 /* GlobalMeasuresCtrl.swift */; };
		429A22BB1D338E240045023F /* Instruments.swift in Sources */ = {isa = PBXBuildFile; fileRef = 429A22A61D338E240045023F /* Instruments.swift */; };
		429A22BE1D338E240045023F /* Song.swift in Sources */ = {isa = PBXBuildFile; fileRef = 429A22A91D338E240045023F /* Song.swift */; };
		429A22CC1D338E400045023F /* Sounds_acoustic_drumset in Resources */ = {isa = PBXBuildFile; fileRef = 429A22CB1D338E400045023F /* Sounds_acoustic_drumset */; };
		42A59FA41D301F8B0070FE46 /* BeatFilter.cpp in Sources */ = {isa = PBXBuildFile; fileRef = 42A59F9A1D301F8B0070FE46 /* BeatFilter.cpp */; };
		42A59FA51D301F8B0070FE46 /* Common.cpp in Sources */ = {isa = PBXBuildFile; fileRef = 42A59F9C1D301F8B0070FE46 /* Common.cpp */; };
		42A59FA61D301F8B0070FE46 /* IMUFilter.cpp in Sources */ = {isa = PBXBuildFile; fileRef = 42A59F9E1D301F8B0070FE46 /* IMUFilter.cpp */; };
		42A59FA71D301F8B0070FE46 /* MidiSensor.cpp in Sources */ = {isa = PBXBuildFile; fileRef = 42A59FA01D301F8B0070FE46 /* MidiSensor.cpp */; };
		42A59FA81D301F8B0070FE46 /* MotionFilter.cpp in Sources */ = {isa = PBXBuildFile; fileRef = 42A59FA21D301F8B0070FE46 /* MotionFilter.cpp */; };
		42A59FAB1D301FA60070FE46 /* MidiSensorWrapper.mm in Sources */ = {isa = PBXBuildFile; fileRef = 42A59FAA1D301FA60070FE46 /* MidiSensorWrapper.mm */; };
		42AA07D61E3E9773002FA7E8 /* MeasureCtrl.swift in Sources */ = {isa = PBXBuildFile; fileRef = 42AA07D51E3E9773002FA7E8 /* MeasureCtrl.swift */; };
		42BA35191E099BB400338990 /* SongTemplate.swift in Sources */ = {isa = PBXBuildFile; fileRef = 42BA35181E099BB400338990 /* SongTemplate.swift */; };
		42BA351B1E099BEB00338990 /* SongListTableViewCell.swift in Sources */ = {isa = PBXBuildFile; fileRef = 42BA351A1E099BEB00338990 /* SongListTableViewCell.swift */; };
		42C8A3CF1D9721D4004BDD58 /* KnobCtrl.swift in Sources */ = {isa = PBXBuildFile; fileRef = 42C8A3CE1D9721D4004BDD58 /* KnobCtrl.swift */; };
		42C8A3D11D972845004BDD58 /* RecordCtrl.swift in Sources */ = {isa = PBXBuildFile; fileRef = 42C8A3D01D972845004BDD58 /* RecordCtrl.swift */; };
		42C8A3D31D97285A004BDD58 /* PlayCtrl.swift in Sources */ = {isa = PBXBuildFile; fileRef = 42C8A3D21D97285A004BDD58 /* PlayCtrl.swift */; };
		42C8A3D51D972F12004BDD58 /* PlayRecordProtocol.swift in Sources */ = {isa = PBXBuildFile; fileRef = 42C8A3D41D972F12004BDD58 /* PlayRecordProtocol.swift */; };
		42C8A3D71D9741C4004BDD58 /* ThirtysecondCtrl.swift in Sources */ = {isa = PBXBuildFile; fileRef = 42C8A3D61D9741C4004BDD58 /* ThirtysecondCtrl.swift */; };
		42C8A3DB1D97422F004BDD58 /* EighthCtrl.swift in Sources */ = {isa = PBXBuildFile; fileRef = 42C8A3DA1D97422F004BDD58 /* EighthCtrl.swift */; };
		42C8A3DD1D97425C004BDD58 /* QuarterCtrl.swift in Sources */ = {isa = PBXBuildFile; fileRef = 42C8A3DC1D97425C004BDD58 /* QuarterCtrl.swift */; };
		42C8A3DF1D974298004BDD58 /* SixteenthCtrl.swift in Sources */ = {isa = PBXBuildFile; fileRef = 42C8A3DE1D974298004BDD58 /* SixteenthCtrl.swift */; };
		42C8A3E11D9742CA004BDD58 /* TripletCtrl.swift in Sources */ = {isa = PBXBuildFile; fileRef = 42C8A3E01D9742CA004BDD58 /* TripletCtrl.swift */; };
		42C8A3E31D974457004BDD58 /* QuantizeButtonProtocol.swift in Sources */ = {isa = PBXBuildFile; fileRef = 42C8A3E21D974457004BDD58 /* QuantizeButtonProtocol.swift */; };
		42C8A3E51D9C1554004BDD58 /* ParametersButtonCtrl.swift in Sources */ = {isa = PBXBuildFile; fileRef = 42C8A3E41D9C1554004BDD58 /* ParametersButtonCtrl.swift */; };
		42C8A3EF1D9EC78F004BDD58 /* RightCtrl.swift in Sources */ = {isa = PBXBuildFile; fileRef = 42C8A3EE1D9EC78F004BDD58 /* RightCtrl.swift */; };
		42C8A3F11D9EC799004BDD58 /* LeftCtrl.swift in Sources */ = {isa = PBXBuildFile; fileRef = 42C8A3F01D9EC799004BDD58 /* LeftCtrl.swift */; };
		42C8A3F31DA05AB6004BDD58 /* HamburgerIconCtrl.swift in Sources */ = {isa = PBXBuildFile; fileRef = 42C8A3F21DA05AB6004BDD58 /* HamburgerIconCtrl.swift */; };
		42EC121F1E35E7D80015FD7E /* DeleteSongCtrl.swift in Sources */ = {isa = PBXBuildFile; fileRef = 42EC121E1E35E7D80015FD7E /* DeleteSongCtrl.swift */; };
		42F2C5B61E502B2100C87540 /* SoundLibraryHelper.swift in Sources */ = {isa = PBXBuildFile; fileRef = 42F2C5B51E502B2100C87540 /* SoundLibraryHelper.swift */; };
		42F2C5BA1E5211E900C87540 /* InstrumentLibrary.swift in Sources */ = {isa = PBXBuildFile; fileRef = 42F2C5B91E5211E900C87540 /* InstrumentLibrary.swift */; };
		42F2C5BC1E561A9800C87540 /* SoundsMap.swift in Sources */ = {isa = PBXBuildFile; fileRef = 42F2C5BB1E561A9800C87540 /* SoundsMap.swift */; };
		945BD38A1DFFBBB9002A70E9 /* SongListTableViewController.swift in Sources */ = {isa = PBXBuildFile; fileRef = 945BD3891DFFBBB9002A70E9 /* SongListTableViewController.swift */; };
		945BD38C1DFFBC8A002A70E9 /* SongViewController.swift in Sources */ = {isa = PBXBuildFile; fileRef = 945BD38B1DFFBC8A002A70E9 /* SongViewController.swift */; };
		945EF80F1E026B2B00A92E73 /* TrackMeasuresSlider.swift in Sources */ = {isa = PBXBuildFile; fileRef = 945EF80E1E026B2B00A92E73 /* TrackMeasuresSlider.swift */; };
		945EF8111E026D3300A92E73 /* TimeSigSlider.swift in Sources */ = {isa = PBXBuildFile; fileRef = 945EF8101E026D3300A92E73 /* TimeSigSlider.swift */; };
		945EF8131E026D8200A92E73 /* GlobalMeasures.swift in Sources */ = {isa = PBXBuildFile; fileRef = 945EF8121E026D8200A92E73 /* GlobalMeasures.swift */; };
		947E19E41DFBF7E400443F7E /* NewSongViewController.swift in Sources */ = {isa = PBXBuildFile; fileRef = 947E19E31DFBF7E400443F7E /* NewSongViewController.swift */; };
		94B11F2F1E231CFD0013AFA4 /* DeleteSong.swift in Sources */ = {isa = PBXBuildFile; fileRef = 94B11F2E1E231CFD0013AFA4 /* DeleteSong.swift */; };
		94BD90B71DFFC02A00F6B1F6 /* SoundListTableViewController.swift in Sources */ = {isa = PBXBuildFile; fileRef = 94BD90B61DFFC02A00F6B1F6 /* SoundListTableViewController.swift */; };
		94D83CD61E012F1200EEBAC2 /* PanSlider.swift in Sources */ = {isa = PBXBuildFile; fileRef = 94D83CD51E012F1200EEBAC2 /* PanSlider.swift */; };
		94D83CD81E01301200EEBAC2 /* VolumeSlider.swift in Sources */ = {isa = PBXBuildFile; fileRef = 94D83CD71E01301200EEBAC2 /* VolumeSlider.swift */; };
		94F2C9981E5C2B3500E74A87 /* Sounds_clicks in Resources */ = {isa = PBXBuildFile; fileRef = 94F2C9971E5C2B3500E74A87 /* Sounds_clicks */; };
		FA0CCADC1DF6A26E00EC3F6A /* SettingsViewController.swift in Sources */ = {isa = PBXBuildFile; fileRef = FA0CCADB1DF6A26E00EC3F6A /* SettingsViewController.swift */; };
		FA3E2E2E1DBF007800DBCA24 /* Transports.swift in Sources */ = {isa = PBXBuildFile; fileRef = FA3E2E2D1DBF007800DBCA24 /* Transports.swift */; };
		FA479EC71D376CB000619BA0 /* Right.swift in Sources */ = {isa = PBXBuildFile; fileRef = FA479EC61D376CB000619BA0 /* Right.swift */; };
		FA50AA531D2A3FE60035C942 /* AppDelegate.swift in Sources */ = {isa = PBXBuildFile; fileRef = FA50AA521D2A3FE60035C942 /* AppDelegate.swift */; };
		FA50AA551D2A3FE60035C942 /* ViewController.swift in Sources */ = {isa = PBXBuildFile; fileRef = FA50AA541D2A3FE60035C942 /* ViewController.swift */; };
		FA50AA581D2A3FE60035C942 /* Main.storyboard in Resources */ = {isa = PBXBuildFile; fileRef = FA50AA561D2A3FE60035C942 /* Main.storyboard */; };
		FA50AA5A1D2A3FE60035C942 /* Assets.xcassets in Resources */ = {isa = PBXBuildFile; fileRef = FA50AA591D2A3FE60035C942 /* Assets.xcassets */; };
		FA50AA5D1D2A3FE60035C942 /* LaunchScreen.storyboard in Resources */ = {isa = PBXBuildFile; fileRef = FA50AA5B1D2A3FE60035C942 /* LaunchScreen.storyboard */; };
		FA50AA821D2A433B0035C942 /* images in Resources */ = {isa = PBXBuildFile; fileRef = FA50AA801D2A433B0035C942 /* images */; };
		FA50AA831D2A433B0035C942 /* UIGroover.swift in Sources */ = {isa = PBXBuildFile; fileRef = FA50AA811D2A433B0035C942 /* UIGroover.swift */; };
		FA50AA851D2B397F0035C942 /* Knob.swift in Sources */ = {isa = PBXBuildFile; fileRef = FA50AA841D2B397F0035C942 /* Knob.swift */; };
		FA50AA871D2B3F9C0035C942 /* Play.swift in Sources */ = {isa = PBXBuildFile; fileRef = FA50AA861D2B3F9C0035C942 /* Play.swift */; };
		FA50AA891D2B40160035C942 /* Record.swift in Sources */ = {isa = PBXBuildFile; fileRef = FA50AA881D2B40160035C942 /* Record.swift */; };
		FA50AA8B1D2B40E40035C942 /* ParametersButton.swift in Sources */ = {isa = PBXBuildFile; fileRef = FA50AA8A1D2B40E40035C942 /* ParametersButton.swift */; };
		FA50AA8D1D2B43620035C942 /* Quarter.swift in Sources */ = {isa = PBXBuildFile; fileRef = FA50AA8C1D2B43620035C942 /* Quarter.swift */; };
		FA50AA8F1D2B44440035C942 /* Eighth.swift in Sources */ = {isa = PBXBuildFile; fileRef = FA50AA8E1D2B44440035C942 /* Eighth.swift */; };
		FA50AA911D2B44DD0035C942 /* Sixteenth.swift in Sources */ = {isa = PBXBuildFile; fileRef = FA50AA901D2B44DD0035C942 /* Sixteenth.swift */; };
		FA50AA931D2B454D0035C942 /* Thirtysecond.swift in Sources */ = {isa = PBXBuildFile; fileRef = FA50AA921D2B454D0035C942 /* Thirtysecond.swift */; };
		FA50AA951D2B45570035C942 /* Triplet.swift in Sources */ = {isa = PBXBuildFile; fileRef = FA50AA941D2B45570035C942 /* Triplet.swift */; };
		FA50AA971D2B472E0035C942 /* HamburgerIcon.swift in Sources */ = {isa = PBXBuildFile; fileRef = FA50AA961D2B472E0035C942 /* HamburgerIcon.swift */; };
		FA50AA991D2B47DA0035C942 /* SettingsIcon.swift in Sources */ = {isa = PBXBuildFile; fileRef = FA50AA981D2B47DA0035C942 /* SettingsIcon.swift */; };
		FA50AA9B1D2B496B0035C942 /* PositionIndicator.swift in Sources */ = {isa = PBXBuildFile; fileRef = FA50AA9A1D2B496B0035C942 /* PositionIndicator.swift */; };
		FA56CA431DEEA57F00738409 /* SettingsTableViewController.swift in Sources */ = {isa = PBXBuildFile; fileRef = FA56CA421DEEA57F00738409 /* SettingsTableViewController.swift */; };
		FA56CA451DEEA7A000738409 /* TempoSlider.swift in Sources */ = {isa = PBXBuildFile; fileRef = FA56CA441DEEA7A000738409 /* TempoSlider.swift */; };
		FA908EE31D3F490A009FAFA4 /* RectBtn.swift in Sources */ = {isa = PBXBuildFile; fileRef = FA908EE21D3F490A009FAFA4 /* RectBtn.swift */; };
		FA9FBB011DDC12EE00706200 /* GrooveViewController.swift in Sources */ = {isa = PBXBuildFile; fileRef = FA9FBB001DDC12EE00706200 /* GrooveViewController.swift */; };
		FAB995F01D2E2B510002EE38 /* Left.swift in Sources */ = {isa = PBXBuildFile; fileRef = FAB995EF1D2E2B510002EE38 /* Left.swift */; };
		FAC132CB1DF547AD007E6EC1 /* ParametersModalViewController.swift in Sources */ = {isa = PBXBuildFile; fileRef = FAC132CA1DF547AD007E6EC1 /* ParametersModalViewController.swift */; };
		FAC61A641DC520360012A93D /* Measure.swift in Sources */ = {isa = PBXBuildFile; fileRef = FAC61A631DC520360012A93D /* Measure.swift */; };
		FAC61A661DC524EB0012A93D /* QuantizeButtons.swift in Sources */ = {isa = PBXBuildFile; fileRef = FAC61A651DC524EA0012A93D /* QuantizeButtons.swift */; };
/* End PBXBuildFile section */

/* Begin PBXContainerItemProxy section */
		FA50AA641D2A3FE60035C942 /* PBXContainerItemProxy */ = {
			isa = PBXContainerItemProxy;
			containerPortal = FA50AA471D2A3FE60035C942 /* Project object */;
			proxyType = 1;
			remoteGlobalIDString = FA50AA4E1D2A3FE60035C942;
			remoteInfo = Groover;
		};
		FA50AA6F1D2A3FE60035C942 /* PBXContainerItemProxy */ = {
			isa = PBXContainerItemProxy;
			containerPortal = FA50AA471D2A3FE60035C942 /* Project object */;
			proxyType = 1;
			remoteGlobalIDString = FA50AA4E1D2A3FE60035C942;
			remoteInfo = Groover;
		};
/* End PBXContainerItemProxy section */

/* Begin PBXCopyFilesBuildPhase section */
		429A22A31D338DF70045023F /* Embed Frameworks */ = {
			isa = PBXCopyFilesBuildPhase;
			buildActionMask = 2147483647;
			dstPath = "";
			dstSubfolderSpec = 10;
			files = (
				42456FA81D73B583005D83A5 /* AudioKit.framework in Embed Frameworks */,
			);
			name = "Embed Frameworks";
			runOnlyForDeploymentPostprocessing = 0;
		};
/* End PBXCopyFilesBuildPhase section */

/* Begin PBXFileReference section */
		4201FDD71E006C1B00101870 /* GlobalAttributes.swift */ = {isa = PBXFileReference; fileEncoding = 4; lastKnownFileType = sourcecode.swift; path = GlobalAttributes.swift; sourceTree = "<group>"; };
		4201FDD91E01ACEE00101870 /* PanSliderCtrl.swift */ = {isa = PBXFileReference; fileEncoding = 4; lastKnownFileType = sourcecode.swift; path = PanSliderCtrl.swift; sourceTree = "<group>"; };
		421425E91DFCDB510092BCB4 /* BeatFilter.swift */ = {isa = PBXFileReference; fileEncoding = 4; lastKnownFileType = sourcecode.swift; path = BeatFilter.swift; sourceTree = "<group>"; };
		421425EB1DFCDC040092BCB4 /* SongDatabase.swift */ = {isa = PBXFileReference; fileEncoding = 4; lastKnownFileType = sourcecode.swift; name = SongDatabase.swift; path = Audio/SongDatabase.swift; sourceTree = "<group>"; };
		421425EC1DFCDC040092BCB4 /* SongLibraryLists.swift */ = {isa = PBXFileReference; fileEncoding = 4; lastKnownFileType = sourcecode.swift; name = SongLibraryLists.swift; path = Audio/SongLibraryLists.swift; sourceTree = "<group>"; };
		421425EF1DFCDC130092BCB4 /* Sounds_electronic_drumset */ = {isa = PBXFileReference; lastKnownFileType = folder; path = Sounds_electronic_drumset; sourceTree = "<group>"; };
		422D9D361D35525D00E27904 /* Groover.entitlements */ = {isa = PBXFileReference; lastKnownFileType = text.xml; path = Groover.entitlements; sourceTree = "<group>"; };
		42456FA61D73B583005D83A5 /* AudioKit.framework */ = {isa = PBXFileReference; lastKnownFileType = wrapper.framework; path = AudioKit.framework; sourceTree = "<group>"; };
		424D86431E2ADEC400B540D8 /* DetectDevice.swift */ = {isa = PBXFileReference; fileEncoding = 4; lastKnownFileType = sourcecode.swift; path = DetectDevice.swift; sourceTree = "<group>"; };
		4254BC441D4D8366007572B6 /* PopupBlur.swift */ = {isa = PBXFileReference; fileEncoding = 4; lastKnownFileType = sourcecode.swift; path = PopupBlur.swift; sourceTree = "<group>"; };
		4254BC481D4E9DE6007572B6 /* PopupButton.swift */ = {isa = PBXFileReference; fileEncoding = 4; lastKnownFileType = sourcecode.swift; path = PopupButton.swift; sourceTree = "<group>"; };
		4254DD931E01C1EE005EFDFF /* SliderCtrl.swift */ = {isa = PBXFileReference; fileEncoding = 4; lastKnownFileType = sourcecode.swift; path = SliderCtrl.swift; sourceTree = "<group>"; };
		4254DD951E01C26B005EFDFF /* VolumeSliderCtrl.swift */ = {isa = PBXFileReference; fileEncoding = 4; lastKnownFileType = sourcecode.swift; path = VolumeSliderCtrl.swift; sourceTree = "<group>"; };
		42986EA61E03048D0020F028 /* TrackMeasuresSliderCtrl.swift */ = {isa = PBXFileReference; fileEncoding = 4; lastKnownFileType = sourcecode.swift; path = TrackMeasuresSliderCtrl.swift; sourceTree = "<group>"; };
		42986EA91E0306960020F028 /* TempoSliderCtrl.swift */ = {isa = PBXFileReference; fileEncoding = 4; lastKnownFileType = sourcecode.swift; path = TempoSliderCtrl.swift; sourceTree = "<group>"; };
		42986EAB1E0306FB0020F028 /* TimeSigSliderCtrl.swift */ = {isa = PBXFileReference; fileEncoding = 4; lastKnownFileType = sourcecode.swift; path = TimeSigSliderCtrl.swift; sourceTree = "<group>"; };
		42986EAD1E0307180020F028 /* GlobalMeasuresCtrl.swift */ = {isa = PBXFileReference; fileEncoding = 4; lastKnownFileType = sourcecode.swift; path = GlobalMeasuresCtrl.swift; sourceTree = "<group>"; };
		429A22A61D338E240045023F /* Instruments.swift */ = {isa = PBXFileReference; fileEncoding = 4; lastKnownFileType = sourcecode.swift; path = Instruments.swift; sourceTree = "<group>"; };
		429A22A91D338E240045023F /* Song.swift */ = {isa = PBXFileReference; fileEncoding = 4; lastKnownFileType = sourcecode.swift; path = Song.swift; sourceTree = "<group>"; };
		429A22CB1D338E400045023F /* Sounds_acoustic_drumset */ = {isa = PBXFileReference; lastKnownFileType = folder; path = Sounds_acoustic_drumset; sourceTree = "<group>"; };
		42A59F9A1D301F8B0070FE46 /* BeatFilter.cpp */ = {isa = PBXFileReference; fileEncoding = 4; lastKnownFileType = sourcecode.cpp.cpp; path = BeatFilter.cpp; sourceTree = "<group>"; };
		42A59F9B1D301F8B0070FE46 /* BeatFilter.h */ = {isa = PBXFileReference; fileEncoding = 4; lastKnownFileType = sourcecode.c.h; path = BeatFilter.h; sourceTree = "<group>"; };
		42A59F9C1D301F8B0070FE46 /* Common.cpp */ = {isa = PBXFileReference; fileEncoding = 4; lastKnownFileType = sourcecode.cpp.cpp; path = Common.cpp; sourceTree = "<group>"; };
		42A59F9D1D301F8B0070FE46 /* Common.h */ = {isa = PBXFileReference; fileEncoding = 4; lastKnownFileType = sourcecode.c.h; path = Common.h; sourceTree = "<group>"; };
		42A59F9E1D301F8B0070FE46 /* IMUFilter.cpp */ = {isa = PBXFileReference; fileEncoding = 4; lastKnownFileType = sourcecode.cpp.cpp; path = IMUFilter.cpp; sourceTree = "<group>"; };
		42A59F9F1D301F8B0070FE46 /* IMUFilter.h */ = {isa = PBXFileReference; fileEncoding = 4; lastKnownFileType = sourcecode.c.h; path = IMUFilter.h; sourceTree = "<group>"; };
		42A59FA01D301F8B0070FE46 /* MidiSensor.cpp */ = {isa = PBXFileReference; fileEncoding = 4; lastKnownFileType = sourcecode.cpp.cpp; path = MidiSensor.cpp; sourceTree = "<group>"; };
		42A59FA11D301F8B0070FE46 /* MidiSensor.h */ = {isa = PBXFileReference; fileEncoding = 4; lastKnownFileType = sourcecode.c.h; path = MidiSensor.h; sourceTree = "<group>"; };
		42A59FA21D301F8B0070FE46 /* MotionFilter.cpp */ = {isa = PBXFileReference; fileEncoding = 4; lastKnownFileType = sourcecode.cpp.cpp; path = MotionFilter.cpp; sourceTree = "<group>"; };
		42A59FA31D301F8B0070FE46 /* MotionFilter.h */ = {isa = PBXFileReference; fileEncoding = 4; lastKnownFileType = sourcecode.c.h; path = MotionFilter.h; sourceTree = "<group>"; };
		42A59FA91D301F9D0070FE46 /* MidiSensorWrapper.h */ = {isa = PBXFileReference; fileEncoding = 4; lastKnownFileType = sourcecode.c.h; path = MidiSensorWrapper.h; sourceTree = "<group>"; };
		42A59FAA1D301FA60070FE46 /* MidiSensorWrapper.mm */ = {isa = PBXFileReference; fileEncoding = 4; lastKnownFileType = sourcecode.cpp.objcpp; path = MidiSensorWrapper.mm; sourceTree = "<group>"; };
		42A59FAC1D301FAD0070FE46 /* Groover-Bridging-Header.h */ = {isa = PBXFileReference; fileEncoding = 4; lastKnownFileType = sourcecode.c.h; path = "Groover-Bridging-Header.h"; sourceTree = "<group>"; };
		42AA07D51E3E9773002FA7E8 /* MeasureCtrl.swift */ = {isa = PBXFileReference; fileEncoding = 4; lastKnownFileType = sourcecode.swift; path = MeasureCtrl.swift; sourceTree = "<group>"; };
		42BA35181E099BB400338990 /* SongTemplate.swift */ = {isa = PBXFileReference; fileEncoding = 4; lastKnownFileType = sourcecode.swift; path = SongTemplate.swift; sourceTree = "<group>"; };
		42BA351A1E099BEB00338990 /* SongListTableViewCell.swift */ = {isa = PBXFileReference; fileEncoding = 4; lastKnownFileType = sourcecode.swift; path = SongListTableViewCell.swift; sourceTree = "<group>"; };
		42C8A3CE1D9721D4004BDD58 /* KnobCtrl.swift */ = {isa = PBXFileReference; fileEncoding = 4; lastKnownFileType = sourcecode.swift; path = KnobCtrl.swift; sourceTree = "<group>"; };
		42C8A3D01D972845004BDD58 /* RecordCtrl.swift */ = {isa = PBXFileReference; fileEncoding = 4; lastKnownFileType = sourcecode.swift; path = RecordCtrl.swift; sourceTree = "<group>"; };
		42C8A3D21D97285A004BDD58 /* PlayCtrl.swift */ = {isa = PBXFileReference; fileEncoding = 4; lastKnownFileType = sourcecode.swift; path = PlayCtrl.swift; sourceTree = "<group>"; };
		42C8A3D41D972F12004BDD58 /* PlayRecordProtocol.swift */ = {isa = PBXFileReference; fileEncoding = 4; lastKnownFileType = sourcecode.swift; path = PlayRecordProtocol.swift; sourceTree = "<group>"; };
		42C8A3D61D9741C4004BDD58 /* ThirtysecondCtrl.swift */ = {isa = PBXFileReference; fileEncoding = 4; lastKnownFileType = sourcecode.swift; path = ThirtysecondCtrl.swift; sourceTree = "<group>"; };
		42C8A3DA1D97422F004BDD58 /* EighthCtrl.swift */ = {isa = PBXFileReference; fileEncoding = 4; lastKnownFileType = sourcecode.swift; path = EighthCtrl.swift; sourceTree = "<group>"; };
		42C8A3DC1D97425C004BDD58 /* QuarterCtrl.swift */ = {isa = PBXFileReference; fileEncoding = 4; lastKnownFileType = sourcecode.swift; path = QuarterCtrl.swift; sourceTree = "<group>"; };
		42C8A3DE1D974298004BDD58 /* SixteenthCtrl.swift */ = {isa = PBXFileReference; fileEncoding = 4; lastKnownFileType = sourcecode.swift; path = SixteenthCtrl.swift; sourceTree = "<group>"; };
		42C8A3E01D9742CA004BDD58 /* TripletCtrl.swift */ = {isa = PBXFileReference; fileEncoding = 4; lastKnownFileType = sourcecode.swift; path = TripletCtrl.swift; sourceTree = "<group>"; };
		42C8A3E21D974457004BDD58 /* QuantizeButtonProtocol.swift */ = {isa = PBXFileReference; fileEncoding = 4; lastKnownFileType = sourcecode.swift; path = QuantizeButtonProtocol.swift; sourceTree = "<group>"; };
		42C8A3E41D9C1554004BDD58 /* ParametersButtonCtrl.swift */ = {isa = PBXFileReference; fileEncoding = 4; lastKnownFileType = sourcecode.swift; path = ParametersButtonCtrl.swift; sourceTree = "<group>"; };
		42C8A3EE1D9EC78F004BDD58 /* RightCtrl.swift */ = {isa = PBXFileReference; fileEncoding = 4; lastKnownFileType = sourcecode.swift; path = RightCtrl.swift; sourceTree = "<group>"; };
		42C8A3F01D9EC799004BDD58 /* LeftCtrl.swift */ = {isa = PBXFileReference; fileEncoding = 4; lastKnownFileType = sourcecode.swift; path = LeftCtrl.swift; sourceTree = "<group>"; };
		42C8A3F21DA05AB6004BDD58 /* HamburgerIconCtrl.swift */ = {isa = PBXFileReference; fileEncoding = 4; lastKnownFileType = sourcecode.swift; path = HamburgerIconCtrl.swift; sourceTree = "<group>"; };
		42EC121E1E35E7D80015FD7E /* DeleteSongCtrl.swift */ = {isa = PBXFileReference; fileEncoding = 4; lastKnownFileType = sourcecode.swift; path = DeleteSongCtrl.swift; sourceTree = "<group>"; };
		42F2C5B51E502B2100C87540 /* SoundLibraryHelper.swift */ = {isa = PBXFileReference; fileEncoding = 4; lastKnownFileType = sourcecode.swift; path = SoundLibraryHelper.swift; sourceTree = "<group>"; };
		42F2C5B91E5211E900C87540 /* InstrumentLibrary.swift */ = {isa = PBXFileReference; fileEncoding = 4; lastKnownFileType = sourcecode.swift; path = InstrumentLibrary.swift; sourceTree = "<group>"; };
		42F2C5BB1E561A9800C87540 /* SoundsMap.swift */ = {isa = PBXFileReference; fileEncoding = 4; lastKnownFileType = sourcecode.swift; path = SoundsMap.swift; sourceTree = "<group>"; };
		945BD3891DFFBBB9002A70E9 /* SongListTableViewController.swift */ = {isa = PBXFileReference; fileEncoding = 4; lastKnownFileType = sourcecode.swift; path = SongListTableViewController.swift; sourceTree = "<group>"; };
		945BD38B1DFFBC8A002A70E9 /* SongViewController.swift */ = {isa = PBXFileReference; fileEncoding = 4; lastKnownFileType = sourcecode.swift; path = SongViewController.swift; sourceTree = "<group>"; };
		945EF80E1E026B2B00A92E73 /* TrackMeasuresSlider.swift */ = {isa = PBXFileReference; fileEncoding = 4; lastKnownFileType = sourcecode.swift; path = TrackMeasuresSlider.swift; sourceTree = "<group>"; };
		945EF8101E026D3300A92E73 /* TimeSigSlider.swift */ = {isa = PBXFileReference; fileEncoding = 4; lastKnownFileType = sourcecode.swift; path = TimeSigSlider.swift; sourceTree = "<group>"; };
		945EF8121E026D8200A92E73 /* GlobalMeasures.swift */ = {isa = PBXFileReference; fileEncoding = 4; lastKnownFileType = sourcecode.swift; path = GlobalMeasures.swift; sourceTree = "<group>"; };
		947E19E31DFBF7E400443F7E /* NewSongViewController.swift */ = {isa = PBXFileReference; fileEncoding = 4; lastKnownFileType = sourcecode.swift; path = NewSongViewController.swift; sourceTree = "<group>"; };
		94B11F2E1E231CFD0013AFA4 /* DeleteSong.swift */ = {isa = PBXFileReference; fileEncoding = 4; lastKnownFileType = sourcecode.swift; path = DeleteSong.swift; sourceTree = "<group>"; };
		94BD90B61DFFC02A00F6B1F6 /* SoundListTableViewController.swift */ = {isa = PBXFileReference; fileEncoding = 4; lastKnownFileType = sourcecode.swift; path = SoundListTableViewController.swift; sourceTree = "<group>"; };
		94D83CD51E012F1200EEBAC2 /* PanSlider.swift */ = {isa = PBXFileReference; fileEncoding = 4; lastKnownFileType = sourcecode.swift; path = PanSlider.swift; sourceTree = "<group>"; };
		94D83CD71E01301200EEBAC2 /* VolumeSlider.swift */ = {isa = PBXFileReference; fileEncoding = 4; lastKnownFileType = sourcecode.swift; path = VolumeSlider.swift; sourceTree = "<group>"; };
		94F2C9971E5C2B3500E74A87 /* Sounds_clicks */ = {isa = PBXFileReference; lastKnownFileType = folder; path = Sounds_clicks; sourceTree = "<group>"; };
		FA0CCADB1DF6A26E00EC3F6A /* SettingsViewController.swift */ = {isa = PBXFileReference; fileEncoding = 4; lastKnownFileType = sourcecode.swift; path = SettingsViewController.swift; sourceTree = "<group>"; };
		FA3E2E2D1DBF007800DBCA24 /* Transports.swift */ = {isa = PBXFileReference; fileEncoding = 4; lastKnownFileType = sourcecode.swift; path = Transports.swift; sourceTree = "<group>"; };
		FA479EC61D376CB000619BA0 /* Right.swift */ = {isa = PBXFileReference; fileEncoding = 4; lastKnownFileType = sourcecode.swift; path = Right.swift; sourceTree = "<group>"; };
		FA50AA4F1D2A3FE60035C942 /* Groover.app */ = {isa = PBXFileReference; explicitFileType = wrapper.application; includeInIndex = 0; path = Groover.app; sourceTree = BUILT_PRODUCTS_DIR; };
		FA50AA521D2A3FE60035C942 /* AppDelegate.swift */ = {isa = PBXFileReference; lastKnownFileType = sourcecode.swift; path = AppDelegate.swift; sourceTree = "<group>"; };
		FA50AA541D2A3FE60035C942 /* ViewController.swift */ = {isa = PBXFileReference; lastKnownFileType = sourcecode.swift; path = ViewController.swift; sourceTree = "<group>"; };
		FA50AA571D2A3FE60035C942 /* Base */ = {isa = PBXFileReference; lastKnownFileType = file.storyboard; name = Base; path = Base.lproj/Main.storyboard; sourceTree = "<group>"; };
		FA50AA591D2A3FE60035C942 /* Assets.xcassets */ = {isa = PBXFileReference; lastKnownFileType = folder.assetcatalog; path = Assets.xcassets; sourceTree = "<group>"; };
		FA50AA5C1D2A3FE60035C942 /* Base */ = {isa = PBXFileReference; lastKnownFileType = file.storyboard; name = Base; path = Base.lproj/LaunchScreen.storyboard; sourceTree = "<group>"; };
		FA50AA5E1D2A3FE60035C942 /* Info.plist */ = {isa = PBXFileReference; lastKnownFileType = text.plist.xml; path = Info.plist; sourceTree = "<group>"; };
		FA50AA631D2A3FE60035C942 /* GrooverTests.xctest */ = {isa = PBXFileReference; explicitFileType = wrapper.cfbundle; includeInIndex = 0; path = GrooverTests.xctest; sourceTree = BUILT_PRODUCTS_DIR; };
		FA50AA6E1D2A3FE60035C942 /* GrooverUITests.xctest */ = {isa = PBXFileReference; explicitFileType = wrapper.cfbundle; includeInIndex = 0; path = GrooverUITests.xctest; sourceTree = BUILT_PRODUCTS_DIR; };
		FA50AA801D2A433B0035C942 /* images */ = {isa = PBXFileReference; lastKnownFileType = folder; path = images; sourceTree = "<group>"; };
		FA50AA811D2A433B0035C942 /* UIGroover.swift */ = {isa = PBXFileReference; fileEncoding = 4; lastKnownFileType = sourcecode.swift; path = UIGroover.swift; sourceTree = "<group>"; };
		FA50AA841D2B397F0035C942 /* Knob.swift */ = {isa = PBXFileReference; fileEncoding = 4; lastKnownFileType = sourcecode.swift; path = Knob.swift; sourceTree = "<group>"; };
		FA50AA861D2B3F9C0035C942 /* Play.swift */ = {isa = PBXFileReference; fileEncoding = 4; lastKnownFileType = sourcecode.swift; path = Play.swift; sourceTree = "<group>"; };
		FA50AA881D2B40160035C942 /* Record.swift */ = {isa = PBXFileReference; fileEncoding = 4; lastKnownFileType = sourcecode.swift; path = Record.swift; sourceTree = "<group>"; };
		FA50AA8A1D2B40E40035C942 /* ParametersButton.swift */ = {isa = PBXFileReference; fileEncoding = 4; lastKnownFileType = sourcecode.swift; path = ParametersButton.swift; sourceTree = "<group>"; };
		FA50AA8C1D2B43620035C942 /* Quarter.swift */ = {isa = PBXFileReference; fileEncoding = 4; lastKnownFileType = sourcecode.swift; path = Quarter.swift; sourceTree = "<group>"; };
		FA50AA8E1D2B44440035C942 /* Eighth.swift */ = {isa = PBXFileReference; fileEncoding = 4; lastKnownFileType = sourcecode.swift; path = Eighth.swift; sourceTree = "<group>"; };
		FA50AA901D2B44DD0035C942 /* Sixteenth.swift */ = {isa = PBXFileReference; fileEncoding = 4; lastKnownFileType = sourcecode.swift; path = Sixteenth.swift; sourceTree = "<group>"; };
		FA50AA921D2B454D0035C942 /* Thirtysecond.swift */ = {isa = PBXFileReference; fileEncoding = 4; lastKnownFileType = sourcecode.swift; path = Thirtysecond.swift; sourceTree = "<group>"; };
		FA50AA941D2B45570035C942 /* Triplet.swift */ = {isa = PBXFileReference; fileEncoding = 4; lastKnownFileType = sourcecode.swift; path = Triplet.swift; sourceTree = "<group>"; };
		FA50AA961D2B472E0035C942 /* HamburgerIcon.swift */ = {isa = PBXFileReference; fileEncoding = 4; lastKnownFileType = sourcecode.swift; path = HamburgerIcon.swift; sourceTree = "<group>"; };
		FA50AA981D2B47DA0035C942 /* SettingsIcon.swift */ = {isa = PBXFileReference; fileEncoding = 4; lastKnownFileType = sourcecode.swift; path = SettingsIcon.swift; sourceTree = "<group>"; };
		FA50AA9A1D2B496B0035C942 /* PositionIndicator.swift */ = {isa = PBXFileReference; fileEncoding = 4; lastKnownFileType = sourcecode.swift; path = PositionIndicator.swift; sourceTree = "<group>"; };
		FA56CA421DEEA57F00738409 /* SettingsTableViewController.swift */ = {isa = PBXFileReference; fileEncoding = 4; lastKnownFileType = sourcecode.swift; path = SettingsTableViewController.swift; sourceTree = "<group>"; };
		FA56CA441DEEA7A000738409 /* TempoSlider.swift */ = {isa = PBXFileReference; fileEncoding = 4; lastKnownFileType = sourcecode.swift; path = TempoSlider.swift; sourceTree = "<group>"; };
		FA908EE21D3F490A009FAFA4 /* RectBtn.swift */ = {isa = PBXFileReference; fileEncoding = 4; lastKnownFileType = sourcecode.swift; path = RectBtn.swift; sourceTree = "<group>"; };
		FA9FBB001DDC12EE00706200 /* GrooveViewController.swift */ = {isa = PBXFileReference; fileEncoding = 4; lastKnownFileType = sourcecode.swift; path = GrooveViewController.swift; sourceTree = "<group>"; };
		FAB995EF1D2E2B510002EE38 /* Left.swift */ = {isa = PBXFileReference; fileEncoding = 4; lastKnownFileType = sourcecode.swift; path = Left.swift; sourceTree = "<group>"; };
		FAC132CA1DF547AD007E6EC1 /* ParametersModalViewController.swift */ = {isa = PBXFileReference; fileEncoding = 4; lastKnownFileType = sourcecode.swift; path = ParametersModalViewController.swift; sourceTree = "<group>"; };
		FAC61A631DC520360012A93D /* Measure.swift */ = {isa = PBXFileReference; fileEncoding = 4; lastKnownFileType = sourcecode.swift; path = Measure.swift; sourceTree = "<group>"; };
		FAC61A651DC524EA0012A93D /* QuantizeButtons.swift */ = {isa = PBXFileReference; fileEncoding = 4; lastKnownFileType = sourcecode.swift; path = QuantizeButtons.swift; sourceTree = "<group>"; };
/* End PBXFileReference section */

/* Begin PBXFrameworksBuildPhase section */
		FA50AA4C1D2A3FE60035C942 /* Frameworks */ = {
			isa = PBXFrameworksBuildPhase;
			buildActionMask = 2147483647;
			files = (
				42456FA71D73B583005D83A5 /* AudioKit.framework in Frameworks */,
			);
			runOnlyForDeploymentPostprocessing = 0;
		};
		FA50AA601D2A3FE60035C942 /* Frameworks */ = {
			isa = PBXFrameworksBuildPhase;
			buildActionMask = 2147483647;
			files = (
			);
			runOnlyForDeploymentPostprocessing = 0;
		};
		FA50AA6B1D2A3FE60035C942 /* Frameworks */ = {
			isa = PBXFrameworksBuildPhase;
			buildActionMask = 2147483647;
			files = (
			);
			runOnlyForDeploymentPostprocessing = 0;
		};
/* End PBXFrameworksBuildPhase section */

/* Begin PBXGroup section */
		423174F91D6CADB000A97065 /* PlayRecord */ = {
			isa = PBXGroup;
			children = (
				FA50AA881D2B40160035C942 /* Record.swift */,
				FA3E2E2D1DBF007800DBCA24 /* Transports.swift */,
				FA50AA861D2B3F9C0035C942 /* Play.swift */,
				42C8A3D01D972845004BDD58 /* RecordCtrl.swift */,
				42C8A3D21D97285A004BDD58 /* PlayCtrl.swift */,
				42C8A3D41D972F12004BDD58 /* PlayRecordProtocol.swift */,
			);
			name = PlayRecord;
			sourceTree = "<group>";
		};
		423174FA1D6CADF500A97065 /* Parameters */ = {
			isa = PBXGroup;
			children = (
				94D83CD51E012F1200EEBAC2 /* PanSlider.swift */,
				FA50AA8A1D2B40E40035C942 /* ParametersButton.swift */,
				42C8A3E41D9C1554004BDD58 /* ParametersButtonCtrl.swift */,
				94D83CD71E01301200EEBAC2 /* VolumeSlider.swift */,
				4201FDD91E01ACEE00101870 /* PanSliderCtrl.swift */,
				4254DD951E01C26B005EFDFF /* VolumeSliderCtrl.swift */,
				945EF80E1E026B2B00A92E73 /* TrackMeasuresSlider.swift */,
				42986EA61E03048D0020F028 /* TrackMeasuresSliderCtrl.swift */,
			);
			name = Parameters;
			sourceTree = "<group>";
		};
		423174FB1D6CAE2E00A97065 /* Settings */ = {
			isa = PBXGroup;
			children = (
				FA56CA421DEEA57F00738409 /* SettingsTableViewController.swift */,
				FA50AA981D2B47DA0035C942 /* SettingsIcon.swift */,
				4254BC441D4D8366007572B6 /* PopupBlur.swift */,
				4254BC481D4E9DE6007572B6 /* PopupButton.swift */,
				FA50AA961D2B472E0035C942 /* HamburgerIcon.swift */,
				42C8A3F21DA05AB6004BDD58 /* HamburgerIconCtrl.swift */,
			);
			name = Settings;
			sourceTree = "<group>";
		};
		423174FC1D6CAE5B00A97065 /* MiscButtons */ = {
			isa = PBXGroup;
			children = (
				FA908EE21D3F490A009FAFA4 /* RectBtn.swift */,
				FA479EC61D376CB000619BA0 /* Right.swift */,
				FAB995EF1D2E2B510002EE38 /* Left.swift */,
				42C8A3EE1D9EC78F004BDD58 /* RightCtrl.swift */,
				42C8A3F01D9EC799004BDD58 /* LeftCtrl.swift */,
			);
			name = MiscButtons;
			sourceTree = "<group>";
		};
		423174FD1D6CAEC800A97065 /* Quantize */ = {
			isa = PBXGroup;
			children = (
				FA50AA921D2B454D0035C942 /* Thirtysecond.swift */,
				FAC61A651DC524EA0012A93D /* QuantizeButtons.swift */,
				FA50AA901D2B44DD0035C942 /* Sixteenth.swift */,
				FA50AA941D2B45570035C942 /* Triplet.swift */,
				FA50AA8C1D2B43620035C942 /* Quarter.swift */,
				FA50AA8E1D2B44440035C942 /* Eighth.swift */,
				42C8A3D61D9741C4004BDD58 /* ThirtysecondCtrl.swift */,
				42C8A3DA1D97422F004BDD58 /* EighthCtrl.swift */,
				42C8A3DC1D97425C004BDD58 /* QuarterCtrl.swift */,
				42C8A3DE1D974298004BDD58 /* SixteenthCtrl.swift */,
				42C8A3E01D9742CA004BDD58 /* TripletCtrl.swift */,
				42C8A3E21D974457004BDD58 /* QuantizeButtonProtocol.swift */,
			);
			name = Quantize;
			sourceTree = "<group>";
		};
		423174FE1D6CAED000A97065 /* Knob */ = {
			isa = PBXGroup;
			children = (
				FA50AA841D2B397F0035C942 /* Knob.swift */,
				FA50AA9A1D2B496B0035C942 /* PositionIndicator.swift */,
				42C8A3CE1D9721D4004BDD58 /* KnobCtrl.swift */,
			);
			name = Knob;
			sourceTree = "<group>";
		};
		42986EA81E03066D0020F028 /* Slider */ = {
			isa = PBXGroup;
			children = (
				4254DD931E01C1EE005EFDFF /* SliderCtrl.swift */,
			);
			name = Slider;
			sourceTree = "<group>";
		};
		429A22A41D338E240045023F /* Audio */ = {
			isa = PBXGroup;
			children = (
				94F2C9971E5C2B3500E74A87 /* Sounds_clicks */,
				421425EF1DFCDC130092BCB4 /* Sounds_electronic_drumset */,
				429A22CB1D338E400045023F /* Sounds_acoustic_drumset */,
				429A22A61D338E240045023F /* Instruments.swift */,
				429A22A91D338E240045023F /* Song.swift */,
				42F2C5B51E502B2100C87540 /* SoundLibraryHelper.swift */,
				42F2C5B91E5211E900C87540 /* InstrumentLibrary.swift */,
				42F2C5BB1E561A9800C87540 /* SoundsMap.swift */,
			);
			path = Audio;
			sourceTree = "<group>";
		};
		42A59F991D301F8B0070FE46 /* MidiSensor_V1.0.0 */ = {
			isa = PBXGroup;
			children = (
				421425E91DFCDB510092BCB4 /* BeatFilter.swift */,
				42A59F9A1D301F8B0070FE46 /* BeatFilter.cpp */,
				42A59F9B1D301F8B0070FE46 /* BeatFilter.h */,
				42A59F9C1D301F8B0070FE46 /* Common.cpp */,
				42A59F9D1D301F8B0070FE46 /* Common.h */,
				42A59F9E1D301F8B0070FE46 /* IMUFilter.cpp */,
				42A59F9F1D301F8B0070FE46 /* IMUFilter.h */,
				42A59FA01D301F8B0070FE46 /* MidiSensor.cpp */,
				42A59FA11D301F8B0070FE46 /* MidiSensor.h */,
				42A59FA21D301F8B0070FE46 /* MotionFilter.cpp */,
				42A59FA31D301F8B0070FE46 /* MotionFilter.h */,
			);
			path = MidiSensor_V1.0.0;
			sourceTree = "<group>";
		};
		94BCC38A1E653DDC001A7C76 /* Frameworks */ = {
			isa = PBXGroup;
			children = (
			);
			name = Frameworks;
			sourceTree = "<group>";
		};
		FA0CCAD91DF69FD700EC3F6A /* SongTab */ = {
			isa = PBXGroup;
			children = (
				945BD38B1DFFBC8A002A70E9 /* SongViewController.swift */,
				945BD3891DFFBBB9002A70E9 /* SongListTableViewController.swift */,
				947E19E31DFBF7E400443F7E /* NewSongViewController.swift */,
				42BA35181E099BB400338990 /* SongTemplate.swift */,
				42BA351A1E099BEB00338990 /* SongListTableViewCell.swift */,
			);
			name = SongTab;
			sourceTree = "<group>";
		};
		FA0CCADA1DF6A01700EC3F6A /* GrooveTab */ = {
			isa = PBXGroup;
			children = (
				FA9FBB001DDC12EE00706200 /* GrooveViewController.swift */,
				FAC132CA1DF547AD007E6EC1 /* ParametersModalViewController.swift */,
			);
			name = GrooveTab;
			sourceTree = "<group>";
		};
		FA0CCADD1DF6A27D00EC3F6A /* SettingsTab */ = {
			isa = PBXGroup;
			children = (
				FA0CCADB1DF6A26E00EC3F6A /* SettingsViewController.swift */,
				94BD90B61DFFC02A00F6B1F6 /* SoundListTableViewController.swift */,
			);
			name = SettingsTab;
			sourceTree = "<group>";
		};
		FA50AA461D2A3FE60035C942 = {
			isa = PBXGroup;
			children = (
				42456FA61D73B583005D83A5 /* AudioKit.framework */,
				42A59FAC1D301FAD0070FE46 /* Groover-Bridging-Header.h */,
				42A59FAA1D301FA60070FE46 /* MidiSensorWrapper.mm */,
				42A59FA91D301F9D0070FE46 /* MidiSensorWrapper.h */,
				42A59F991D301F8B0070FE46 /* MidiSensor_V1.0.0 */,
				FA50AA511D2A3FE60035C942 /* Groover */,
				FA50AA501D2A3FE60035C942 /* Products */,
				94BCC38A1E653DDC001A7C76 /* Frameworks */,
			);
			sourceTree = "<group>";
		};
		FA50AA501D2A3FE60035C942 /* Products */ = {
			isa = PBXGroup;
			children = (
				FA50AA4F1D2A3FE60035C942 /* Groover.app */,
				FA50AA631D2A3FE60035C942 /* GrooverTests.xctest */,
				FA50AA6E1D2A3FE60035C942 /* GrooverUITests.xctest */,
			);
			name = Products;
			sourceTree = "<group>";
		};
		FA50AA511D2A3FE60035C942 /* Groover */ = {
			isa = PBXGroup;
			children = (
				42986EA81E03066D0020F028 /* Slider */,
				FAC61A621DC51F5E0012A93D /* Measures */,
				429A22A41D338E240045023F /* Audio */,
				FA56CA461DEEA7A800738409 /* Song */,
				423174FE1D6CAED000A97065 /* Knob */,
				423174FD1D6CAEC800A97065 /* Quantize */,
				423174FC1D6CAE5B00A97065 /* MiscButtons */,
				423174FB1D6CAE2E00A97065 /* Settings */,
				423174FA1D6CADF500A97065 /* Parameters */,
				423174F91D6CADB000A97065 /* PlayRecord */,
				FA50AA521D2A3FE60035C942 /* AppDelegate.swift */,
				FA50AA541D2A3FE60035C942 /* ViewController.swift */,
				FA50AA561D2A3FE60035C942 /* Main.storyboard */,
				FA0CCADD1DF6A27D00EC3F6A /* SettingsTab */,
				FA0CCADA1DF6A01700EC3F6A /* GrooveTab */,
				FA0CCAD91DF69FD700EC3F6A /* SongTab */,
				FA50AA801D2A433B0035C942 /* images */,
				FA50AA811D2A433B0035C942 /* UIGroover.swift */,
				FA50AA591D2A3FE60035C942 /* Assets.xcassets */,
				FA50AA5B1D2A3FE60035C942 /* LaunchScreen.storyboard */,
				FA50AA5E1D2A3FE60035C942 /* Info.plist */,
				422D9D361D35525D00E27904 /* Groover.entitlements */,
				4201FDD71E006C1B00101870 /* GlobalAttributes.swift */,
				424D86431E2ADEC400B540D8 /* DetectDevice.swift */,
			);
			path = Groover;
			sourceTree = "<group>";
		};
		FA56CA461DEEA7A800738409 /* Song */ = {
			isa = PBXGroup;
			children = (
				421425EC1DFCDC040092BCB4 /* SongLibraryLists.swift */,
				421425EB1DFCDC040092BCB4 /* SongDatabase.swift */,
				FA56CA441DEEA7A000738409 /* TempoSlider.swift */,
				945EF8101E026D3300A92E73 /* TimeSigSlider.swift */,
				945EF8121E026D8200A92E73 /* GlobalMeasures.swift */,
				42986EA91E0306960020F028 /* TempoSliderCtrl.swift */,
				42986EAB1E0306FB0020F028 /* TimeSigSliderCtrl.swift */,
				42986EAD1E0307180020F028 /* GlobalMeasuresCtrl.swift */,
				94B11F2E1E231CFD0013AFA4 /* DeleteSong.swift */,
				42EC121E1E35E7D80015FD7E /* DeleteSongCtrl.swift */,
			);
			name = Song;
			sourceTree = "<group>";
		};
		FAC61A621DC51F5E0012A93D /* Measures */ = {
			isa = PBXGroup;
			children = (
				FAC61A631DC520360012A93D /* Measure.swift */,
				42AA07D51E3E9773002FA7E8 /* MeasureCtrl.swift */,
			);
			name = Measures;
			sourceTree = "<group>";
		};
/* End PBXGroup section */

/* Begin PBXNativeTarget section */
		FA50AA4E1D2A3FE60035C942 /* Groover */ = {
			isa = PBXNativeTarget;
			buildConfigurationList = FA50AA771D2A3FE60035C942 /* Build configuration list for PBXNativeTarget "Groover" */;
			buildPhases = (
				FA50AA4B1D2A3FE60035C942 /* Sources */,
				FA50AA4C1D2A3FE60035C942 /* Frameworks */,
				FA50AA4D1D2A3FE60035C942 /* Resources */,
				429A22A31D338DF70045023F /* Embed Frameworks */,
			);
			buildRules = (
			);
			dependencies = (
			);
			name = Groover;
			productName = Groover;
			productReference = FA50AA4F1D2A3FE60035C942 /* Groover.app */;
			productType = "com.apple.product-type.application";
		};
		FA50AA621D2A3FE60035C942 /* GrooverTests */ = {
			isa = PBXNativeTarget;
			buildConfigurationList = FA50AA7A1D2A3FE60035C942 /* Build configuration list for PBXNativeTarget "GrooverTests" */;
			buildPhases = (
				FA50AA5F1D2A3FE60035C942 /* Sources */,
				FA50AA601D2A3FE60035C942 /* Frameworks */,
				FA50AA611D2A3FE60035C942 /* Resources */,
			);
			buildRules = (
			);
			dependencies = (
				FA50AA651D2A3FE60035C942 /* PBXTargetDependency */,
			);
			name = GrooverTests;
			productName = GrooverTests;
			productReference = FA50AA631D2A3FE60035C942 /* GrooverTests.xctest */;
			productType = "com.apple.product-type.bundle.unit-test";
		};
		FA50AA6D1D2A3FE60035C942 /* GrooverUITests */ = {
			isa = PBXNativeTarget;
			buildConfigurationList = FA50AA7D1D2A3FE60035C942 /* Build configuration list for PBXNativeTarget "GrooverUITests" */;
			buildPhases = (
				FA50AA6A1D2A3FE60035C942 /* Sources */,
				FA50AA6B1D2A3FE60035C942 /* Frameworks */,
				FA50AA6C1D2A3FE60035C942 /* Resources */,
			);
			buildRules = (
			);
			dependencies = (
				FA50AA701D2A3FE60035C942 /* PBXTargetDependency */,
			);
			name = GrooverUITests;
			productName = GrooverUITests;
			productReference = FA50AA6E1D2A3FE60035C942 /* GrooverUITests.xctest */;
			productType = "com.apple.product-type.bundle.ui-testing";
		};
/* End PBXNativeTarget section */

/* Begin PBXProject section */
		FA50AA471D2A3FE60035C942 /* Project object */ = {
			isa = PBXProject;
			attributes = {
				LastSwiftUpdateCheck = 0730;
				LastUpgradeCheck = 0800;
				ORGANIZATIONNAME = TCM;
				TargetAttributes = {
					FA50AA4E1D2A3FE60035C942 = {
						CreatedOnToolsVersion = 7.3.1;
						DevelopmentTeam = XPYTM2G2L5;
						LastSwiftMigration = 0800;
						ProvisioningStyle = Automatic;
						SystemCapabilities = {
							com.apple.BackgroundModes = {
								enabled = 1;
							};
							com.apple.InterAppAudio = {
								enabled = 0;
							};
						};
					};
					FA50AA621D2A3FE60035C942 = {
						CreatedOnToolsVersion = 7.3.1;
						DevelopmentTeam = V2YR4Q4N2F;
						TestTargetID = FA50AA4E1D2A3FE60035C942;
					};
					FA50AA6D1D2A3FE60035C942 = {
						CreatedOnToolsVersion = 7.3.1;
						DevelopmentTeam = V2YR4Q4N2F;
						TestTargetID = FA50AA4E1D2A3FE60035C942;
					};
				};
			};
			buildConfigurationList = FA50AA4A1D2A3FE60035C942 /* Build configuration list for PBXProject "Groover" */;
			compatibilityVersion = "Xcode 3.2";
			developmentRegion = English;
			hasScannedForEncodings = 0;
			knownRegions = (
				en,
				Base,
			);
			mainGroup = FA50AA461D2A3FE60035C942;
			productRefGroup = FA50AA501D2A3FE60035C942 /* Products */;
			projectDirPath = "";
			projectRoot = "";
			targets = (
				FA50AA4E1D2A3FE60035C942 /* Groover */,
				FA50AA621D2A3FE60035C942 /* GrooverTests */,
				FA50AA6D1D2A3FE60035C942 /* GrooverUITests */,
			);
		};
/* End PBXProject section */

/* Begin PBXResourcesBuildPhase section */
		FA50AA4D1D2A3FE60035C942 /* Resources */ = {
			isa = PBXResourcesBuildPhase;
			buildActionMask = 2147483647;
			files = (
				429A22CC1D338E400045023F /* Sounds_acoustic_drumset in Resources */,
				FA50AA821D2A433B0035C942 /* images in Resources */,
				FA50AA5D1D2A3FE60035C942 /* LaunchScreen.storyboard in Resources */,
				421425F01DFCDC130092BCB4 /* Sounds_electronic_drumset in Resources */,
				FA50AA5A1D2A3FE60035C942 /* Assets.xcassets in Resources */,
				94F2C9981E5C2B3500E74A87 /* Sounds_clicks in Resources */,
				FA50AA581D2A3FE60035C942 /* Main.storyboard in Resources */,
			);
			runOnlyForDeploymentPostprocessing = 0;
		};
		FA50AA611D2A3FE60035C942 /* Resources */ = {
			isa = PBXResourcesBuildPhase;
			buildActionMask = 2147483647;
			files = (
			);
			runOnlyForDeploymentPostprocessing = 0;
		};
		FA50AA6C1D2A3FE60035C942 /* Resources */ = {
			isa = PBXResourcesBuildPhase;
			buildActionMask = 2147483647;
			files = (
			);
			runOnlyForDeploymentPostprocessing = 0;
		};
/* End PBXResourcesBuildPhase section */

/* Begin PBXSourcesBuildPhase section */
		FA50AA4B1D2A3FE60035C942 /* Sources */ = {
			isa = PBXSourcesBuildPhase;
			buildActionMask = 2147483647;
			files = (
				FA9FBB011DDC12EE00706200 /* GrooveViewController.swift in Sources */,
				429A22BE1D338E240045023F /* Song.swift in Sources */,
				FAB995F01D2E2B510002EE38 /* Left.swift in Sources */,
				FAC61A641DC520360012A93D /* Measure.swift in Sources */,
				945BD38C1DFFBC8A002A70E9 /* SongViewController.swift in Sources */,
				4201FDD81E006C1B00101870 /* GlobalAttributes.swift in Sources */,
				42BA351B1E099BEB00338990 /* SongListTableViewCell.swift in Sources */,
				42A59FA71D301F8B0070FE46 /* MidiSensor.cpp in Sources */,
				FA479EC71D376CB000619BA0 /* Right.swift in Sources */,
				94BD90B71DFFC02A00F6B1F6 /* SoundListTableViewController.swift in Sources */,
				42C8A3DF1D974298004BDD58 /* SixteenthCtrl.swift in Sources */,
				945BD38A1DFFBBB9002A70E9 /* SongListTableViewController.swift in Sources */,
				42C8A3D11D972845004BDD58 /* RecordCtrl.swift in Sources */,
				42986EAE1E0307180020F028 /* GlobalMeasuresCtrl.swift in Sources */,
				FA50AA951D2B45570035C942 /* Triplet.swift in Sources */,
				FAC61A661DC524EB0012A93D /* QuantizeButtons.swift in Sources */,
				42C8A3F11D9EC799004BDD58 /* LeftCtrl.swift in Sources */,
				42986EA71E03048D0020F028 /* TrackMeasuresSliderCtrl.swift in Sources */,
				42F2C5BC1E561A9800C87540 /* SoundsMap.swift in Sources */,
				4254BC491D4E9DE6007572B6 /* PopupButton.swift in Sources */,
				94D83CD61E012F1200EEBAC2 /* PanSlider.swift in Sources */,
				421425EE1DFCDC040092BCB4 /* SongLibraryLists.swift in Sources */,
				42A59FA81D301F8B0070FE46 /* MotionFilter.cpp in Sources */,
				94B11F2F1E231CFD0013AFA4 /* DeleteSong.swift in Sources */,
				FA50AA551D2A3FE60035C942 /* ViewController.swift in Sources */,
				42A59FA51D301F8B0070FE46 /* Common.cpp in Sources */,
				42C8A3D71D9741C4004BDD58 /* ThirtysecondCtrl.swift in Sources */,
				FA50AA8F1D2B44440035C942 /* Eighth.swift in Sources */,
				FA3E2E2E1DBF007800DBCA24 /* Transports.swift in Sources */,
				4254DD941E01C1EE005EFDFF /* SliderCtrl.swift in Sources */,
				42986EAA1E0306960020F028 /* TempoSliderCtrl.swift in Sources */,
				4201FDDA1E01ACEE00101870 /* PanSliderCtrl.swift in Sources */,
				42C8A3D31D97285A004BDD58 /* PlayCtrl.swift in Sources */,
				FA50AA531D2A3FE60035C942 /* AppDelegate.swift in Sources */,
				42F2C5BA1E5211E900C87540 /* InstrumentLibrary.swift in Sources */,
				42C8A3D51D972F12004BDD58 /* PlayRecordProtocol.swift in Sources */,
				4254DD961E01C26B005EFDFF /* VolumeSliderCtrl.swift in Sources */,
				42C8A3E11D9742CA004BDD58 /* TripletCtrl.swift in Sources */,
				429A22BB1D338E240045023F /* Instruments.swift in Sources */,
				42A59FA41D301F8B0070FE46 /* BeatFilter.cpp in Sources */,
				42C8A3E51D9C1554004BDD58 /* ParametersButtonCtrl.swift in Sources */,
				945EF8111E026D3300A92E73 /* TimeSigSlider.swift in Sources */,
				FA50AA971D2B472E0035C942 /* HamburgerIcon.swift in Sources */,
				42C8A3F31DA05AB6004BDD58 /* HamburgerIconCtrl.swift in Sources */,
				42986EAC1E0306FB0020F028 /* TimeSigSliderCtrl.swift in Sources */,
				42BA35191E099BB400338990 /* SongTemplate.swift in Sources */,
				42C8A3DB1D97422F004BDD58 /* EighthCtrl.swift in Sources */,
				FA908EE31D3F490A009FAFA4 /* RectBtn.swift in Sources */,
				FA50AA891D2B40160035C942 /* Record.swift in Sources */,
				FA56CA451DEEA7A000738409 /* TempoSlider.swift in Sources */,
				FA56CA431DEEA57F00738409 /* SettingsTableViewController.swift in Sources */,
				FA50AA911D2B44DD0035C942 /* Sixteenth.swift in Sources */,
				4254BC451D4D8366007572B6 /* PopupBlur.swift in Sources */,
				945EF80F1E026B2B00A92E73 /* TrackMeasuresSlider.swift in Sources */,
				424D86441E2ADEC400B540D8 /* DetectDevice.swift in Sources */,
				42C8A3EF1D9EC78F004BDD58 /* RightCtrl.swift in Sources */,
				FA50AA8B1D2B40E40035C942 /* ParametersButton.swift in Sources */,
				FAC132CB1DF547AD007E6EC1 /* ParametersModalViewController.swift in Sources */,
				42C8A3DD1D97425C004BDD58 /* QuarterCtrl.swift in Sources */,
				42F2C5B61E502B2100C87540 /* SoundLibraryHelper.swift in Sources */,
				94D83CD81E01301200EEBAC2 /* VolumeSlider.swift in Sources */,
				42A59FA61D301F8B0070FE46 /* IMUFilter.cpp in Sources */,
				FA50AA8D1D2B43620035C942 /* Quarter.swift in Sources */,
				FA50AA831D2A433B0035C942 /* UIGroover.swift in Sources */,
				945EF8131E026D8200A92E73 /* GlobalMeasures.swift in Sources */,
				FA0CCADC1DF6A26E00EC3F6A /* SettingsViewController.swift in Sources */,
				42C8A3CF1D9721D4004BDD58 /* KnobCtrl.swift in Sources */,
				421425EA1DFCDB510092BCB4 /* BeatFilter.swift in Sources */,
				42A59FAB1D301FA60070FE46 /* MidiSensorWrapper.mm in Sources */,
				947E19E41DFBF7E400443F7E /* NewSongViewController.swift in Sources */,
				42AA07D61E3E9773002FA7E8 /* MeasureCtrl.swift in Sources */,
				421425ED1DFCDC040092BCB4 /* SongDatabase.swift in Sources */,
				42C8A3E31D974457004BDD58 /* QuantizeButtonProtocol.swift in Sources */,
				42EC121F1E35E7D80015FD7E /* DeleteSongCtrl.swift in Sources */,
				FA50AA931D2B454D0035C942 /* Thirtysecond.swift in Sources */,
				FA50AA851D2B397F0035C942 /* Knob.swift in Sources */,
				FA50AA871D2B3F9C0035C942 /* Play.swift in Sources */,
				FA50AA9B1D2B496B0035C942 /* PositionIndicator.swift in Sources */,
				FA50AA991D2B47DA0035C942 /* SettingsIcon.swift in Sources */,
			);
			runOnlyForDeploymentPostprocessing = 0;
		};
		FA50AA5F1D2A3FE60035C942 /* Sources */ = {
			isa = PBXSourcesBuildPhase;
			buildActionMask = 2147483647;
			files = (
			);
			runOnlyForDeploymentPostprocessing = 0;
		};
		FA50AA6A1D2A3FE60035C942 /* Sources */ = {
			isa = PBXSourcesBuildPhase;
			buildActionMask = 2147483647;
			files = (
			);
			runOnlyForDeploymentPostprocessing = 0;
		};
/* End PBXSourcesBuildPhase section */

/* Begin PBXTargetDependency section */
		FA50AA651D2A3FE60035C942 /* PBXTargetDependency */ = {
			isa = PBXTargetDependency;
			target = FA50AA4E1D2A3FE60035C942 /* Groover */;
			targetProxy = FA50AA641D2A3FE60035C942 /* PBXContainerItemProxy */;
		};
		FA50AA701D2A3FE60035C942 /* PBXTargetDependency */ = {
			isa = PBXTargetDependency;
			target = FA50AA4E1D2A3FE60035C942 /* Groover */;
			targetProxy = FA50AA6F1D2A3FE60035C942 /* PBXContainerItemProxy */;
		};
/* End PBXTargetDependency section */

/* Begin PBXVariantGroup section */
		FA50AA561D2A3FE60035C942 /* Main.storyboard */ = {
			isa = PBXVariantGroup;
			children = (
				FA50AA571D2A3FE60035C942 /* Base */,
			);
			name = Main.storyboard;
			sourceTree = "<group>";
		};
		FA50AA5B1D2A3FE60035C942 /* LaunchScreen.storyboard */ = {
			isa = PBXVariantGroup;
			children = (
				FA50AA5C1D2A3FE60035C942 /* Base */,
			);
			name = LaunchScreen.storyboard;
			sourceTree = "<group>";
		};
/* End PBXVariantGroup section */

/* Begin XCBuildConfiguration section */
		FA50AA751D2A3FE60035C942 /* Debug */ = {
			isa = XCBuildConfiguration;
			buildSettings = {
				ALWAYS_SEARCH_USER_PATHS = NO;
				CLANG_ANALYZER_NONNULL = YES;
				CLANG_CXX_LANGUAGE_STANDARD = "gnu++0x";
				CLANG_CXX_LIBRARY = "libc++";
				CLANG_ENABLE_MODULES = YES;
				CLANG_ENABLE_OBJC_ARC = YES;
				CLANG_WARN_BOOL_CONVERSION = YES;
				CLANG_WARN_CONSTANT_CONVERSION = YES;
				CLANG_WARN_DIRECT_OBJC_ISA_USAGE = YES_ERROR;
				CLANG_WARN_EMPTY_BODY = YES;
				CLANG_WARN_ENUM_CONVERSION = YES;
				CLANG_WARN_INFINITE_RECURSION = YES;
				CLANG_WARN_INT_CONVERSION = YES;
				CLANG_WARN_OBJC_ROOT_CLASS = YES_ERROR;
				CLANG_WARN_SUSPICIOUS_MOVE = YES;
				CLANG_WARN_UNREACHABLE_CODE = YES;
				CLANG_WARN__DUPLICATE_METHOD_MATCH = YES;
				"CODE_SIGN_IDENTITY[sdk=iphoneos*]" = "iPhone Developer";
				COPY_PHASE_STRIP = NO;
				DEBUG_INFORMATION_FORMAT = dwarf;
				ENABLE_STRICT_OBJC_MSGSEND = YES;
				ENABLE_TESTABILITY = YES;
				GCC_C_LANGUAGE_STANDARD = gnu99;
				GCC_DYNAMIC_NO_PIC = NO;
				GCC_NO_COMMON_BLOCKS = YES;
				GCC_OPTIMIZATION_LEVEL = 0;
				GCC_PREPROCESSOR_DEFINITIONS = (
					"DEBUG=1",
					"$(inherited)",
				);
				GCC_WARN_64_TO_32_BIT_CONVERSION = YES;
				GCC_WARN_ABOUT_RETURN_TYPE = YES_ERROR;
				GCC_WARN_UNDECLARED_SELECTOR = YES;
				GCC_WARN_UNINITIALIZED_AUTOS = YES_AGGRESSIVE;
				GCC_WARN_UNUSED_FUNCTION = YES;
				GCC_WARN_UNUSED_VARIABLE = YES;
				IPHONEOS_DEPLOYMENT_TARGET = 9.3;
				MTL_ENABLE_DEBUG_INFO = YES;
				ONLY_ACTIVE_ARCH = YES;
				SDKROOT = iphoneos;
				SWIFT_OPTIMIZATION_LEVEL = "-Onone";
			};
			name = Debug;
		};
		FA50AA761D2A3FE60035C942 /* Release */ = {
			isa = XCBuildConfiguration;
			buildSettings = {
				ALWAYS_SEARCH_USER_PATHS = NO;
				CLANG_ANALYZER_NONNULL = YES;
				CLANG_CXX_LANGUAGE_STANDARD = "gnu++0x";
				CLANG_CXX_LIBRARY = "libc++";
				CLANG_ENABLE_MODULES = YES;
				CLANG_ENABLE_OBJC_ARC = YES;
				CLANG_WARN_BOOL_CONVERSION = YES;
				CLANG_WARN_CONSTANT_CONVERSION = YES;
				CLANG_WARN_DIRECT_OBJC_ISA_USAGE = YES_ERROR;
				CLANG_WARN_EMPTY_BODY = YES;
				CLANG_WARN_ENUM_CONVERSION = YES;
				CLANG_WARN_INFINITE_RECURSION = YES;
				CLANG_WARN_INT_CONVERSION = YES;
				CLANG_WARN_OBJC_ROOT_CLASS = YES_ERROR;
				CLANG_WARN_SUSPICIOUS_MOVE = YES;
				CLANG_WARN_UNREACHABLE_CODE = YES;
				CLANG_WARN__DUPLICATE_METHOD_MATCH = YES;
				"CODE_SIGN_IDENTITY[sdk=iphoneos*]" = "iPhone Developer";
				COPY_PHASE_STRIP = NO;
				DEBUG_INFORMATION_FORMAT = "dwarf-with-dsym";
				ENABLE_NS_ASSERTIONS = NO;
				ENABLE_STRICT_OBJC_MSGSEND = YES;
				GCC_C_LANGUAGE_STANDARD = gnu99;
				GCC_NO_COMMON_BLOCKS = YES;
				GCC_WARN_64_TO_32_BIT_CONVERSION = YES;
				GCC_WARN_ABOUT_RETURN_TYPE = YES_ERROR;
				GCC_WARN_UNDECLARED_SELECTOR = YES;
				GCC_WARN_UNINITIALIZED_AUTOS = YES_AGGRESSIVE;
				GCC_WARN_UNUSED_FUNCTION = YES;
				GCC_WARN_UNUSED_VARIABLE = YES;
				IPHONEOS_DEPLOYMENT_TARGET = 9.3;
				MTL_ENABLE_DEBUG_INFO = NO;
				SDKROOT = iphoneos;
				SWIFT_OPTIMIZATION_LEVEL = "-Owholemodule";
				VALIDATE_PRODUCT = YES;
			};
			name = Release;
		};
		FA50AA781D2A3FE60035C942 /* Debug */ = {
			isa = XCBuildConfiguration;
			buildSettings = {
				ASSETCATALOG_COMPILER_APPICON_NAME = AppIcon;
				CODE_SIGN_IDENTITY = "iPhone Developer";
				"CODE_SIGN_IDENTITY[sdk=iphoneos*]" = "iPhone Developer";
				DEVELOPMENT_TEAM = XPYTM2G2L5;
				FRAMEWORK_SEARCH_PATHS = (
					"$(inherited)",
					"$(PROJECT_DIR)",
				);
				INFOPLIST_FILE = Groover/Info.plist;
				IPHONEOS_DEPLOYMENT_TARGET = 9.0;
				LD_RUNPATH_SEARCH_PATHS = "$(inherited) @executable_path/Frameworks";
				PRODUCT_BUNDLE_IDENTIFIER = TCM.Groover;
				PRODUCT_NAME = "$(TARGET_NAME)";
				PROVISIONING_PROFILE = "";
				SWIFT_OBJC_BRIDGING_HEADER = "Groover-Bridging-Header.h";
				SWIFT_VERSION = 3.0;
			};
			name = Debug;
		};
		FA50AA791D2A3FE60035C942 /* Release */ = {
			isa = XCBuildConfiguration;
			buildSettings = {
				ASSETCATALOG_COMPILER_APPICON_NAME = AppIcon;
				CODE_SIGN_IDENTITY = "iPhone Developer";
				"CODE_SIGN_IDENTITY[sdk=iphoneos*]" = "iPhone Developer";
				DEVELOPMENT_TEAM = XPYTM2G2L5;
				FRAMEWORK_SEARCH_PATHS = (
					"$(inherited)",
					"$(PROJECT_DIR)",
				);
				INFOPLIST_FILE = Groover/Info.plist;
				IPHONEOS_DEPLOYMENT_TARGET = 9.0;
				LD_RUNPATH_SEARCH_PATHS = "$(inherited) @executable_path/Frameworks";
				PRODUCT_BUNDLE_IDENTIFIER = TCM.Groover;
				PRODUCT_NAME = "$(TARGET_NAME)";
				PROVISIONING_PROFILE = "";
				SWIFT_OBJC_BRIDGING_HEADER = "Groover-Bridging-Header.h";
				SWIFT_VERSION = 3.0;
			};
			name = Release;
		};
		FA50AA7B1D2A3FE60035C942 /* Debug */ = {
			isa = XCBuildConfiguration;
			buildSettings = {
				BUNDLE_LOADER = "$(TEST_HOST)";
				INFOPLIST_FILE = GrooverTests/Info.plist;
				LD_RUNPATH_SEARCH_PATHS = "$(inherited) @executable_path/Frameworks @loader_path/Frameworks";
				PRODUCT_BUNDLE_IDENTIFIER = TCM.GrooverTests;
				PRODUCT_NAME = "$(TARGET_NAME)";
				TEST_HOST = "$(BUILT_PRODUCTS_DIR)/Groover.app/Groover";
			};
			name = Debug;
		};
		FA50AA7C1D2A3FE60035C942 /* Release */ = {
			isa = XCBuildConfiguration;
			buildSettings = {
				BUNDLE_LOADER = "$(TEST_HOST)";
				INFOPLIST_FILE = GrooverTests/Info.plist;
				LD_RUNPATH_SEARCH_PATHS = "$(inherited) @executable_path/Frameworks @loader_path/Frameworks";
				PRODUCT_BUNDLE_IDENTIFIER = TCM.GrooverTests;
				PRODUCT_NAME = "$(TARGET_NAME)";
				TEST_HOST = "$(BUILT_PRODUCTS_DIR)/Groover.app/Groover";
			};
			name = Release;
		};
		FA50AA7E1D2A3FE60035C942 /* Debug */ = {
			isa = XCBuildConfiguration;
			buildSettings = {
				INFOPLIST_FILE = GrooverUITests/Info.plist;
				LD_RUNPATH_SEARCH_PATHS = "$(inherited) @executable_path/Frameworks @loader_path/Frameworks";
				PRODUCT_BUNDLE_IDENTIFIER = TCM.GrooverUITests;
				PRODUCT_NAME = "$(TARGET_NAME)";
				TEST_TARGET_NAME = Groover;
			};
			name = Debug;
		};
		FA50AA7F1D2A3FE60035C942 /* Release */ = {
			isa = XCBuildConfiguration;
			buildSettings = {
				INFOPLIST_FILE = GrooverUITests/Info.plist;
				LD_RUNPATH_SEARCH_PATHS = "$(inherited) @executable_path/Frameworks @loader_path/Frameworks";
				PRODUCT_BUNDLE_IDENTIFIER = TCM.GrooverUITests;
				PRODUCT_NAME = "$(TARGET_NAME)";
				TEST_TARGET_NAME = Groover;
			};
			name = Release;
		};
/* End XCBuildConfiguration section */

/* Begin XCConfigurationList section */
		FA50AA4A1D2A3FE60035C942 /* Build configuration list for PBXProject "Groover" */ = {
			isa = XCConfigurationList;
			buildConfigurations = (
				FA50AA751D2A3FE60035C942 /* Debug */,
				FA50AA761D2A3FE60035C942 /* Release */,
			);
			defaultConfigurationIsVisible = 0;
			defaultConfigurationName = Release;
		};
		FA50AA771D2A3FE60035C942 /* Build configuration list for PBXNativeTarget "Groover" */ = {
			isa = XCConfigurationList;
			buildConfigurations = (
				FA50AA781D2A3FE60035C942 /* Debug */,
				FA50AA791D2A3FE60035C942 /* Release */,
			);
			defaultConfigurationIsVisible = 0;
			defaultConfigurationName = Release;
		};
		FA50AA7A1D2A3FE60035C942 /* Build configuration list for PBXNativeTarget "GrooverTests" */ = {
			isa = XCConfigurationList;
			buildConfigurations = (
				FA50AA7B1D2A3FE60035C942 /* Debug */,
				FA50AA7C1D2A3FE60035C942 /* Release */,
			);
			defaultConfigurationIsVisible = 0;
			defaultConfigurationName = Release;
		};
		FA50AA7D1D2A3FE60035C942 /* Build configuration list for PBXNativeTarget "GrooverUITests" */ = {
			isa = XCConfigurationList;
			buildConfigurations = (
				FA50AA7E1D2A3FE60035C942 /* Debug */,
				FA50AA7F1D2A3FE60035C942 /* Release */,
			);
			defaultConfigurationIsVisible = 0;
			defaultConfigurationName = Release;
		};
/* End XCConfigurationList section */
	};
	rootObject = FA50AA471D2A3FE60035C942 /* Project object */;
}
