// !$*UTF8*$!
{
	archiveVersion = 1;
	classes = {
	};
	objectVersion = 46;
	objects = {

/* Begin PBXBuildFile section */
		42B86FE71CFF3B630048B946 /* AppDelegate.swift in Sources */ = {isa = PBXBuildFile; fileRef = 42B86FE61CFF3B630048B946 /* AppDelegate.swift */; };
		42B86FE91CFF3B630048B946 /* ViewController.swift in Sources */ = {isa = PBXBuildFile; fileRef = 42B86FE81CFF3B630048B946 /* ViewController.swift */; };
		42B86FEC1CFF3B630048B946 /* Main.storyboard in Resources */ = {isa = PBXBuildFile; fileRef = 42B86FEA1CFF3B630048B946 /* Main.storyboard */; };
		42B86FEE1CFF3B630048B946 /* Assets.xcassets in Resources */ = {isa = PBXBuildFile; fileRef = 42B86FED1CFF3B630048B946 /* Assets.xcassets */; };
		42B86FF11CFF3B630048B946 /* LaunchScreen.storyboard in Resources */ = {isa = PBXBuildFile; fileRef = 42B86FEF1CFF3B630048B946 /* LaunchScreen.storyboard */; };
		42B86FFC1CFF3B630048B946 /* MidiDevice_TCL_UI_V0_0_0Tests.swift in Sources */ = {isa = PBXBuildFile; fileRef = 42B86FFB1CFF3B630048B946 /* MidiDevice_TCL_UI_V0_0_0Tests.swift */; };
		42B870071CFF3B630048B946 /* MidiDevice_TCL_UI_V0_0_0UITests.swift in Sources */ = {isa = PBXBuildFile; fileRef = 42B870061CFF3B630048B946 /* MidiDevice_TCL_UI_V0_0_0UITests.swift */; };
		42B870161CFF3C020048B946 /* Knob.swift in Sources */ = {isa = PBXBuildFile; fileRef = 42B870141CFF3C020048B946 /* Knob.swift */; };
		42B870171CFF3C020048B946 /* KnobStyleKit.swift in Sources */ = {isa = PBXBuildFile; fileRef = 42B870151CFF3C020048B946 /* KnobStyleKit.swift */; };
		42B870191CFF3C1C0048B946 /* images in Resources */ = {isa = PBXBuildFile; fileRef = 42B870181CFF3C1C0048B946 /* images */; };
		42B8B00D1D0357900030F3C4 /* RatingControl.swift in Sources */ = {isa = PBXBuildFile; fileRef = 42B8B00C1D0357900030F3C4 /* RatingControl.swift */; };
/* End PBXBuildFile section */

/* Begin PBXContainerItemProxy section */
		42B86FF81CFF3B630048B946 /* PBXContainerItemProxy */ = {
			isa = PBXContainerItemProxy;
			containerPortal = 42B86FDB1CFF3B630048B946 /* Project object */;
			proxyType = 1;
			remoteGlobalIDString = 42B86FE21CFF3B630048B946;
			remoteInfo = MidiDevice_TCL_UI_V0.0.0;
		};
		42B870031CFF3B630048B946 /* PBXContainerItemProxy */ = {
			isa = PBXContainerItemProxy;
			containerPortal = 42B86FDB1CFF3B630048B946 /* Project object */;
			proxyType = 1;
			remoteGlobalIDString = 42B86FE21CFF3B630048B946;
			remoteInfo = MidiDevice_TCL_UI_V0.0.0;
		};
/* End PBXContainerItemProxy section */

/* Begin PBXFileReference section */
		42B86FE31CFF3B630048B946 /* MidiDevice_TCL_UI_V0.0.0.app */ = {isa = PBXFileReference; explicitFileType = wrapper.application; includeInIndex = 0; path = MidiDevice_TCL_UI_V0.0.0.app; sourceTree = BUILT_PRODUCTS_DIR; };
		42B86FE61CFF3B630048B946 /* AppDelegate.swift */ = {isa = PBXFileReference; lastKnownFileType = sourcecode.swift; path = AppDelegate.swift; sourceTree = "<group>"; };
		42B86FE81CFF3B630048B946 /* ViewController.swift */ = {isa = PBXFileReference; lastKnownFileType = sourcecode.swift; path = ViewController.swift; sourceTree = "<group>"; };
		42B86FEB1CFF3B630048B946 /* Base */ = {isa = PBXFileReference; lastKnownFileType = file.storyboard; name = Base; path = Base.lproj/Main.storyboard; sourceTree = "<group>"; };
		42B86FED1CFF3B630048B946 /* Assets.xcassets */ = {isa = PBXFileReference; lastKnownFileType = folder.assetcatalog; path = Assets.xcassets; sourceTree = "<group>"; };
		42B86FF01CFF3B630048B946 /* Base */ = {isa = PBXFileReference; lastKnownFileType = file.storyboard; name = Base; path = Base.lproj/LaunchScreen.storyboard; sourceTree = "<group>"; };
		42B86FF21CFF3B630048B946 /* Info.plist */ = {isa = PBXFileReference; lastKnownFileType = text.plist.xml; path = Info.plist; sourceTree = "<group>"; };
		42B86FF71CFF3B630048B946 /* MidiDevice_TCL_UI_V0.0.0Tests.xctest */ = {isa = PBXFileReference; explicitFileType = wrapper.cfbundle; includeInIndex = 0; path = MidiDevice_TCL_UI_V0.0.0Tests.xctest; sourceTree = BUILT_PRODUCTS_DIR; };
		42B86FFB1CFF3B630048B946 /* MidiDevice_TCL_UI_V0_0_0Tests.swift */ = {isa = PBXFileReference; lastKnownFileType = sourcecode.swift; path = MidiDevice_TCL_UI_V0_0_0Tests.swift; sourceTree = "<group>"; };
		42B86FFD1CFF3B630048B946 /* Info.plist */ = {isa = PBXFileReference; lastKnownFileType = text.plist.xml; path = Info.plist; sourceTree = "<group>"; };
		42B870021CFF3B630048B946 /* MidiDevice_TCL_UI_V0.0.0UITests.xctest */ = {isa = PBXFileReference; explicitFileType = wrapper.cfbundle; includeInIndex = 0; path = MidiDevice_TCL_UI_V0.0.0UITests.xctest; sourceTree = BUILT_PRODUCTS_DIR; };
		42B870061CFF3B630048B946 /* MidiDevice_TCL_UI_V0_0_0UITests.swift */ = {isa = PBXFileReference; lastKnownFileType = sourcecode.swift; path = MidiDevice_TCL_UI_V0_0_0UITests.swift; sourceTree = "<group>"; };
		42B870081CFF3B630048B946 /* Info.plist */ = {isa = PBXFileReference; lastKnownFileType = text.plist.xml; path = Info.plist; sourceTree = "<group>"; };
		42B870141CFF3C020048B946 /* Knob.swift */ = {isa = PBXFileReference; fileEncoding = 4; lastKnownFileType = sourcecode.swift; path = Knob.swift; sourceTree = "<group>"; };
		42B870151CFF3C020048B946 /* KnobStyleKit.swift */ = {isa = PBXFileReference; fileEncoding = 4; lastKnownFileType = sourcecode.swift; path = KnobStyleKit.swift; sourceTree = "<group>"; };
		42B870181CFF3C1C0048B946 /* images */ = {isa = PBXFileReference; lastKnownFileType = folder; path = images; sourceTree = "<group>"; };
		42B8B00C1D0357900030F3C4 /* RatingControl.swift */ = {isa = PBXFileReference; fileEncoding = 4; lastKnownFileType = sourcecode.swift; path = RatingControl.swift; sourceTree = "<group>"; };
/* End PBXFileReference section */

/* Begin PBXFrameworksBuildPhase section */
		42B86FE01CFF3B630048B946 /* Frameworks */ = {
			isa = PBXFrameworksBuildPhase;
			buildActionMask = 2147483647;
			files = (
			);
			runOnlyForDeploymentPostprocessing = 0;
		};
		42B86FF41CFF3B630048B946 /* Frameworks */ = {
			isa = PBXFrameworksBuildPhase;
			buildActionMask = 2147483647;
			files = (
			);
			runOnlyForDeploymentPostprocessing = 0;
		};
		42B86FFF1CFF3B630048B946 /* Frameworks */ = {
			isa = PBXFrameworksBuildPhase;
			buildActionMask = 2147483647;
			files = (
			);
			runOnlyForDeploymentPostprocessing = 0;
		};
/* End PBXFrameworksBuildPhase section */

/* Begin PBXGroup section */
		42B86FDA1CFF3B630048B946 = {
			isa = PBXGroup;
			children = (
				42B86FE51CFF3B630048B946 /* MidiDevice_TCL_UI_V0.0.0 */,
				42B86FFA1CFF3B630048B946 /* MidiDevice_TCL_UI_V0.0.0Tests */,
				42B870051CFF3B630048B946 /* MidiDevice_TCL_UI_V0.0.0UITests */,
				42B86FE41CFF3B630048B946 /* Products */,
			);
			sourceTree = "<group>";
		};
		42B86FE41CFF3B630048B946 /* Products */ = {
			isa = PBXGroup;
			children = (
				42B86FE31CFF3B630048B946 /* MidiDevice_TCL_UI_V0.0.0.app */,
				42B86FF71CFF3B630048B946 /* MidiDevice_TCL_UI_V0.0.0Tests.xctest */,
				42B870021CFF3B630048B946 /* MidiDevice_TCL_UI_V0.0.0UITests.xctest */,
			);
			name = Products;
			sourceTree = "<group>";
		};
		42B86FE51CFF3B630048B946 /* MidiDevice_TCL_UI_V0.0.0 */ = {
			isa = PBXGroup;
			children = (
				42B870181CFF3C1C0048B946 /* images */,
				42B870141CFF3C020048B946 /* Knob.swift */,
				42B870151CFF3C020048B946 /* KnobStyleKit.swift */,
				42B86FE61CFF3B630048B946 /* AppDelegate.swift */,
				42B86FE81CFF3B630048B946 /* ViewController.swift */,
				42B86FEA1CFF3B630048B946 /* Main.storyboard */,
				42B86FED1CFF3B630048B946 /* Assets.xcassets */,
				42B86FEF1CFF3B630048B946 /* LaunchScreen.storyboard */,
				42B86FF21CFF3B630048B946 /* Info.plist */,
				42B8B00C1D0357900030F3C4 /* RatingControl.swift */,
			);
			path = MidiDevice_TCL_UI_V0.0.0;
			sourceTree = "<group>";
		};
		42B86FFA1CFF3B630048B946 /* MidiDevice_TCL_UI_V0.0.0Tests */ = {
			isa = PBXGroup;
			children = (
				42B86FFB1CFF3B630048B946 /* MidiDevice_TCL_UI_V0_0_0Tests.swift */,
				42B86FFD1CFF3B630048B946 /* Info.plist */,
			);
			path = MidiDevice_TCL_UI_V0.0.0Tests;
			sourceTree = "<group>";
		};
		42B870051CFF3B630048B946 /* MidiDevice_TCL_UI_V0.0.0UITests */ = {
			isa = PBXGroup;
			children = (
				42B870061CFF3B630048B946 /* MidiDevice_TCL_UI_V0_0_0UITests.swift */,
				42B870081CFF3B630048B946 /* Info.plist */,
			);
			path = MidiDevice_TCL_UI_V0.0.0UITests;
			sourceTree = "<group>";
		};
/* End PBXGroup section */

/* Begin PBXNativeTarget section */
		42B86FE21CFF3B630048B946 /* MidiDevice_TCL_UI_V0.0.0 */ = {
			isa = PBXNativeTarget;
			buildConfigurationList = 42B8700B1CFF3B630048B946 /* Build configuration list for PBXNativeTarget "MidiDevice_TCL_UI_V0.0.0" */;
			buildPhases = (
				42B86FDF1CFF3B630048B946 /* Sources */,
				42B86FE01CFF3B630048B946 /* Frameworks */,
				42B86FE11CFF3B630048B946 /* Resources */,
			);
			buildRules = (
			);
			dependencies = (
			);
			name = MidiDevice_TCL_UI_V0.0.0;
			productName = MidiDevice_TCL_UI_V0.0.0;
			productReference = 42B86FE31CFF3B630048B946 /* MidiDevice_TCL_UI_V0.0.0.app */;
			productType = "com.apple.product-type.application";
		};
		42B86FF61CFF3B630048B946 /* MidiDevice_TCL_UI_V0.0.0Tests */ = {
			isa = PBXNativeTarget;
			buildConfigurationList = 42B8700E1CFF3B630048B946 /* Build configuration list for PBXNativeTarget "MidiDevice_TCL_UI_V0.0.0Tests" */;
			buildPhases = (
				42B86FF31CFF3B630048B946 /* Sources */,
				42B86FF41CFF3B630048B946 /* Frameworks */,
				42B86FF51CFF3B630048B946 /* Resources */,
			);
			buildRules = (
			);
			dependencies = (
				42B86FF91CFF3B630048B946 /* PBXTargetDependency */,
			);
			name = MidiDevice_TCL_UI_V0.0.0Tests;
			productName = MidiDevice_TCL_UI_V0.0.0Tests;
			productReference = 42B86FF71CFF3B630048B946 /* MidiDevice_TCL_UI_V0.0.0Tests.xctest */;
			productType = "com.apple.product-type.bundle.unit-test";
		};
		42B870011CFF3B630048B946 /* MidiDevice_TCL_UI_V0.0.0UITests */ = {
			isa = PBXNativeTarget;
			buildConfigurationList = 42B870111CFF3B630048B946 /* Build configuration list for PBXNativeTarget "MidiDevice_TCL_UI_V0.0.0UITests" */;
			buildPhases = (
				42B86FFE1CFF3B630048B946 /* Sources */,
				42B86FFF1CFF3B630048B946 /* Frameworks */,
				42B870001CFF3B630048B946 /* Resources */,
			);
			buildRules = (
			);
			dependencies = (
				42B870041CFF3B630048B946 /* PBXTargetDependency */,
			);
			name = MidiDevice_TCL_UI_V0.0.0UITests;
			productName = MidiDevice_TCL_UI_V0.0.0UITests;
			productReference = 42B870021CFF3B630048B946 /* MidiDevice_TCL_UI_V0.0.0UITests.xctest */;
			productType = "com.apple.product-type.bundle.ui-testing";
		};
/* End PBXNativeTarget section */

/* Begin PBXProject section */
		42B86FDB1CFF3B630048B946 /* Project object */ = {
			isa = PBXProject;
			attributes = {
				LastSwiftUpdateCheck = 0730;
				LastUpgradeCheck = 0730;
				ORGANIZATIONNAME = "Joshua Thompson";
				TargetAttributes = {
					42B86FE21CFF3B630048B946 = {
						CreatedOnToolsVersion = 7.3.1;
					};
					42B86FF61CFF3B630048B946 = {
						CreatedOnToolsVersion = 7.3.1;
						TestTargetID = 42B86FE21CFF3B630048B946;
					};
					42B870011CFF3B630048B946 = {
						CreatedOnToolsVersion = 7.3.1;
						TestTargetID = 42B86FE21CFF3B630048B946;
					};
				};
			};
			buildConfigurationList = 42B86FDE1CFF3B630048B946 /* Build configuration list for PBXProject "MidiDevice_TCL_UI_V0.0.0" */;
			compatibilityVersion = "Xcode 3.2";
			developmentRegion = English;
			hasScannedForEncodings = 0;
			knownRegions = (
				en,
				Base,
			);
			mainGroup = 42B86FDA1CFF3B630048B946;
			productRefGroup = 42B86FE41CFF3B630048B946 /* Products */;
			projectDirPath = "";
			projectRoot = "";
			targets = (
				42B86FE21CFF3B630048B946 /* MidiDevice_TCL_UI_V0.0.0 */,
				42B86FF61CFF3B630048B946 /* MidiDevice_TCL_UI_V0.0.0Tests */,
				42B870011CFF3B630048B946 /* MidiDevice_TCL_UI_V0.0.0UITests */,
			);
		};
/* End PBXProject section */

/* Begin PBXResourcesBuildPhase section */
		42B86FE11CFF3B630048B946 /* Resources */ = {
			isa = PBXResourcesBuildPhase;
			buildActionMask = 2147483647;
			files = (
				42B870191CFF3C1C0048B946 /* images in Resources */,
				42B86FF11CFF3B630048B946 /* LaunchScreen.storyboard in Resources */,
				42B86FEE1CFF3B630048B946 /* Assets.xcassets in Resources */,
				42B86FEC1CFF3B630048B946 /* Main.storyboard in Resources */,
			);
			runOnlyForDeploymentPostprocessing = 0;
		};
		42B86FF51CFF3B630048B946 /* Resources */ = {
			isa = PBXResourcesBuildPhase;
			buildActionMask = 2147483647;
			files = (
			);
			runOnlyForDeploymentPostprocessing = 0;
		};
		42B870001CFF3B630048B946 /* Resources */ = {
			isa = PBXResourcesBuildPhase;
			buildActionMask = 2147483647;
			files = (
			);
			runOnlyForDeploymentPostprocessing = 0;
		};
/* End PBXResourcesBuildPhase section */

/* Begin PBXSourcesBuildPhase section */
		42B86FDF1CFF3B630048B946 /* Sources */ = {
			isa = PBXSourcesBuildPhase;
			buildActionMask = 2147483647;
			files = (
				42B870171CFF3C020048B946 /* KnobStyleKit.swift in Sources */,
				42B86FE91CFF3B630048B946 /* ViewController.swift in Sources */,
				42B870161CFF3C020048B946 /* Knob.swift in Sources */,
				42B8B00D1D0357900030F3C4 /* RatingControl.swift in Sources */,
				42B86FE71CFF3B630048B946 /* AppDelegate.swift in Sources */,
			);
			runOnlyForDeploymentPostprocessing = 0;
		};
		42B86FF31CFF3B630048B946 /* Sources */ = {
			isa = PBXSourcesBuildPhase;
			buildActionMask = 2147483647;
			files = (
				42B86FFC1CFF3B630048B946 /* MidiDevice_TCL_UI_V0_0_0Tests.swift in Sources */,
			);
			runOnlyForDeploymentPostprocessing = 0;
		};
		42B86FFE1CFF3B630048B946 /* Sources */ = {
			isa = PBXSourcesBuildPhase;
			buildActionMask = 2147483647;
			files = (
				42B870071CFF3B630048B946 /* MidiDevice_TCL_UI_V0_0_0UITests.swift in Sources */,
			);
			runOnlyForDeploymentPostprocessing = 0;
		};
/* End PBXSourcesBuildPhase section */

/* Begin PBXTargetDependency section */
		42B86FF91CFF3B630048B946 /* PBXTargetDependency */ = {
			isa = PBXTargetDependency;
			target = 42B86FE21CFF3B630048B946 /* MidiDevice_TCL_UI_V0.0.0 */;
			targetProxy = 42B86FF81CFF3B630048B946 /* PBXContainerItemProxy */;
		};
		42B870041CFF3B630048B946 /* PBXTargetDependency */ = {
			isa = PBXTargetDependency;
			target = 42B86FE21CFF3B630048B946 /* MidiDevice_TCL_UI_V0.0.0 */;
			targetProxy = 42B870031CFF3B630048B946 /* PBXContainerItemProxy */;
		};
/* End PBXTargetDependency section */

/* Begin PBXVariantGroup section */
		42B86FEA1CFF3B630048B946 /* Main.storyboard */ = {
			isa = PBXVariantGroup;
			children = (
				42B86FEB1CFF3B630048B946 /* Base */,
			);
			name = Main.storyboard;
			sourceTree = "<group>";
		};
		42B86FEF1CFF3B630048B946 /* LaunchScreen.storyboard */ = {
			isa = PBXVariantGroup;
			children = (
				42B86FF01CFF3B630048B946 /* Base */,
			);
			name = LaunchScreen.storyboard;
			sourceTree = "<group>";
		};
/* End PBXVariantGroup section */

/* Begin XCBuildConfiguration section */
		42B870091CFF3B630048B946 /* Debug */ = {
			isa = XCBuildConfiguration;
			buildSettings = {
				ALWAYS_SEARCH_USER_PATHS = NO;
				CLANG_ANALYZER_NONNULL = YES;
				CLANG_CXX_LANGUAGE_STANDARD = "gnu++0x";
				CLANG_CXX_LIBRARY = "libc++";
				CLANG_ENABLE_MODULES = YES;
				CLANG_ENABLE_OBJC_ARC = YES;
				CLANG_WARN_BOOL_CONVERSION = YES;
				CLANG_WARN_CONSTANT_CONVERSION = YES;
				CLANG_WARN_DIRECT_OBJC_ISA_USAGE = YES_ERROR;
				CLANG_WARN_EMPTY_BODY = YES;
				CLANG_WARN_ENUM_CONVERSION = YES;
				CLANG_WARN_INT_CONVERSION = YES;
				CLANG_WARN_OBJC_ROOT_CLASS = YES_ERROR;
				CLANG_WARN_UNREACHABLE_CODE = YES;
				CLANG_WARN__DUPLICATE_METHOD_MATCH = YES;
				"CODE_SIGN_IDENTITY[sdk=iphoneos*]" = "iPhone Developer";
				COPY_PHASE_STRIP = NO;
				DEBUG_INFORMATION_FORMAT = dwarf;
				ENABLE_STRICT_OBJC_MSGSEND = YES;
				ENABLE_TESTABILITY = YES;
				GCC_C_LANGUAGE_STANDARD = gnu99;
				GCC_DYNAMIC_NO_PIC = NO;
				GCC_NO_COMMON_BLOCKS = YES;
				GCC_OPTIMIZATION_LEVEL = 0;
				GCC_PREPROCESSOR_DEFINITIONS = (
					"DEBUG=1",
					"$(inherited)",
				);
				GCC_WARN_64_TO_32_BIT_CONVERSION = YES;
				GCC_WARN_ABOUT_RETURN_TYPE = YES_ERROR;
				GCC_WARN_UNDECLARED_SELECTOR = YES;
				GCC_WARN_UNINITIALIZED_AUTOS = YES_AGGRESSIVE;
				GCC_WARN_UNUSED_FUNCTION = YES;
				GCC_WARN_UNUSED_VARIABLE = YES;
				IPHONEOS_DEPLOYMENT_TARGET = 9.3;
				MTL_ENABLE_DEBUG_INFO = YES;
				ONLY_ACTIVE_ARCH = YES;
				SDKROOT = iphoneos;
				SWIFT_OPTIMIZATION_LEVEL = "-Onone";
				TARGETED_DEVICE_FAMILY = "1,2";
			};
			name = Debug;
		};
		42B8700A1CFF3B630048B946 /* Release */ = {
			isa = XCBuildConfiguration;
			buildSettings = {
				ALWAYS_SEARCH_USER_PATHS = NO;
				CLANG_ANALYZER_NONNULL = YES;
				CLANG_CXX_LANGUAGE_STANDARD = "gnu++0x";
				CLANG_CXX_LIBRARY = "libc++";
				CLANG_ENABLE_MODULES = YES;
				CLANG_ENABLE_OBJC_ARC = YES;
				CLANG_WARN_BOOL_CONVERSION = YES;
				CLANG_WARN_CONSTANT_CONVERSION = YES;
				CLANG_WARN_DIRECT_OBJC_ISA_USAGE = YES_ERROR;
				CLANG_WARN_EMPTY_BODY = YES;
				CLANG_WARN_ENUM_CONVERSION = YES;
				CLANG_WARN_INT_CONVERSION = YES;
				CLANG_WARN_OBJC_ROOT_CLASS = YES_ERROR;
				CLANG_WARN_UNREACHABLE_CODE = YES;
				CLANG_WARN__DUPLICATE_METHOD_MATCH = YES;
				"CODE_SIGN_IDENTITY[sdk=iphoneos*]" = "iPhone Developer";
				COPY_PHASE_STRIP = NO;
				DEBUG_INFORMATION_FORMAT = "dwarf-with-dsym";
				ENABLE_NS_ASSERTIONS = NO;
				ENABLE_STRICT_OBJC_MSGSEND = YES;
				GCC_C_LANGUAGE_STANDARD = gnu99;
				GCC_NO_COMMON_BLOCKS = YES;
				GCC_WARN_64_TO_32_BIT_CONVERSION = YES;
				GCC_WARN_ABOUT_RETURN_TYPE = YES_ERROR;
				GCC_WARN_UNDECLARED_SELECTOR = YES;
				GCC_WARN_UNINITIALIZED_AUTOS = YES_AGGRESSIVE;
				GCC_WARN_UNUSED_FUNCTION = YES;
				GCC_WARN_UNUSED_VARIABLE = YES;
				IPHONEOS_DEPLOYMENT_TARGET = 9.3;
				MTL_ENABLE_DEBUG_INFO = NO;
				SDKROOT = iphoneos;
				TARGETED_DEVICE_FAMILY = "1,2";
				VALIDATE_PRODUCT = YES;
			};
			name = Release;
		};
		42B8700C1CFF3B630048B946 /* Debug */ = {
			isa = XCBuildConfiguration;
			buildSettings = {
				ASSETCATALOG_COMPILER_APPICON_NAME = AppIcon;
				INFOPLIST_FILE = MidiDevice_TCL_UI_V0.0.0/Info.plist;
				LD_RUNPATH_SEARCH_PATHS = "$(inherited) @executable_path/Frameworks";
				PRODUCT_BUNDLE_IDENTIFIER = "wristband.MidiDevice-TCL-UI-V0-0-0";
				PRODUCT_NAME = "$(TARGET_NAME)";
			};
			name = Debug;
		};
		42B8700D1CFF3B630048B946 /* Release */ = {
			isa = XCBuildConfiguration;
			buildSettings = {
				ASSETCATALOG_COMPILER_APPICON_NAME = AppIcon;
				INFOPLIST_FILE = MidiDevice_TCL_UI_V0.0.0/Info.plist;
				LD_RUNPATH_SEARCH_PATHS = "$(inherited) @executable_path/Frameworks";
				PRODUCT_BUNDLE_IDENTIFIER = "wristband.MidiDevice-TCL-UI-V0-0-0";
				PRODUCT_NAME = "$(TARGET_NAME)";
			};
			name = Release;
		};
		42B8700F1CFF3B630048B946 /* Debug */ = {
			isa = XCBuildConfiguration;
			buildSettings = {
				BUNDLE_LOADER = "$(TEST_HOST)";
				INFOPLIST_FILE = MidiDevice_TCL_UI_V0.0.0Tests/Info.plist;
				LD_RUNPATH_SEARCH_PATHS = "$(inherited) @executable_path/Frameworks @loader_path/Frameworks";
				PRODUCT_BUNDLE_IDENTIFIER = "wristband.MidiDevice-TCL-UI-V0-0-0Tests";
				PRODUCT_NAME = "$(TARGET_NAME)";
				TEST_HOST = "$(BUILT_PRODUCTS_DIR)/MidiDevice_TCL_UI_V0.0.0.app/MidiDevice_TCL_UI_V0.0.0";
			};
			name = Debug;
		};
		42B870101CFF3B630048B946 /* Release */ = {
			isa = XCBuildConfiguration;
			buildSettings = {
				BUNDLE_LOADER = "$(TEST_HOST)";
				INFOPLIST_FILE = MidiDevice_TCL_UI_V0.0.0Tests/Info.plist;
				LD_RUNPATH_SEARCH_PATHS = "$(inherited) @executable_path/Frameworks @loader_path/Frameworks";
				PRODUCT_BUNDLE_IDENTIFIER = "wristband.MidiDevice-TCL-UI-V0-0-0Tests";
				PRODUCT_NAME = "$(TARGET_NAME)";
				TEST_HOST = "$(BUILT_PRODUCTS_DIR)/MidiDevice_TCL_UI_V0.0.0.app/MidiDevice_TCL_UI_V0.0.0";
			};
			name = Release;
		};
		42B870121CFF3B630048B946 /* Debug */ = {
			isa = XCBuildConfiguration;
			buildSettings = {
				INFOPLIST_FILE = MidiDevice_TCL_UI_V0.0.0UITests/Info.plist;
				LD_RUNPATH_SEARCH_PATHS = "$(inherited) @executable_path/Frameworks @loader_path/Frameworks";
				PRODUCT_BUNDLE_IDENTIFIER = "wristband.MidiDevice-TCL-UI-V0-0-0UITests";
				PRODUCT_NAME = "$(TARGET_NAME)";
				TEST_TARGET_NAME = MidiDevice_TCL_UI_V0.0.0;
			};
			name = Debug;
		};
		42B870131CFF3B630048B946 /* Release */ = {
			isa = XCBuildConfiguration;
			buildSettings = {
				INFOPLIST_FILE = MidiDevice_TCL_UI_V0.0.0UITests/Info.plist;
				LD_RUNPATH_SEARCH_PATHS = "$(inherited) @executable_path/Frameworks @loader_path/Frameworks";
				PRODUCT_BUNDLE_IDENTIFIER = "wristband.MidiDevice-TCL-UI-V0-0-0UITests";
				PRODUCT_NAME = "$(TARGET_NAME)";
				TEST_TARGET_NAME = MidiDevice_TCL_UI_V0.0.0;
			};
			name = Release;
		};
/* End XCBuildConfiguration section */

/* Begin XCConfigurationList section */
		42B86FDE1CFF3B630048B946 /* Build configuration list for PBXProject "MidiDevice_TCL_UI_V0.0.0" */ = {
			isa = XCConfigurationList;
			buildConfigurations = (
				42B870091CFF3B630048B946 /* Debug */,
				42B8700A1CFF3B630048B946 /* Release */,
			);
			defaultConfigurationIsVisible = 0;
			defaultConfigurationName = Release;
		};
		42B8700B1CFF3B630048B946 /* Build configuration list for PBXNativeTarget "MidiDevice_TCL_UI_V0.0.0" */ = {
			isa = XCConfigurationList;
			buildConfigurations = (
				42B8700C1CFF3B630048B946 /* Debug */,
				42B8700D1CFF3B630048B946 /* Release */,
			);
			defaultConfigurationIsVisible = 0;
			defaultConfigurationName = Release;
		};
		42B8700E1CFF3B630048B946 /* Build configuration list for PBXNativeTarget "MidiDevice_TCL_UI_V0.0.0Tests" */ = {
			isa = XCConfigurationList;
			buildConfigurations = (
				42B8700F1CFF3B630048B946 /* Debug */,
				42B870101CFF3B630048B946 /* Release */,
			);
			defaultConfigurationIsVisible = 0;
			defaultConfigurationName = Release;
		};
		42B870111CFF3B630048B946 /* Build configuration list for PBXNativeTarget "MidiDevice_TCL_UI_V0.0.0UITests" */ = {
			isa = XCConfigurationList;
			buildConfigurations = (
				42B870121CFF3B630048B946 /* Debug */,
				42B870131CFF3B630048B946 /* Release */,
			);
			defaultConfigurationIsVisible = 0;
			defaultConfigurationName = Release;
		};
/* End XCConfigurationList section */
	};
	rootObject = 42B86FDB1CFF3B630048B946 /* Project object */;
}
