// !$*UTF8*$!
{
	archiveVersion = 1;
	classes = {
	};
	objectVersion = 46;
	objects = {

/* Begin PBXBuildFile section */
		F316CA621CE2337200A93ADC /* TestDrums.swift in Sources */ = {isa = PBXBuildFile; fileRef = F316CA611CE2337200A93ADC /* TestDrums.swift */; };
		F33D580E1CDE85F0006C0C81 /* Instruments.swift in Sources */ = {isa = PBXBuildFile; fileRef = F33D580D1CDE85F0006C0C81 /* Instruments.swift */; };
		F33D58101CDEA157006C0C81 /* Instrument1Presets.swift in Sources */ = {isa = PBXBuildFile; fileRef = F33D580F1CDEA157006C0C81 /* Instrument1Presets.swift */; };
		F33D58121CDFF462006C0C81 /* Instrument2Presets.swift in Sources */ = {isa = PBXBuildFile; fileRef = F33D58111CDFF462006C0C81 /* Instrument2Presets.swift */; };
		F3D564DB1CC92FD70096ECCB /* AppDelegate.swift in Sources */ = {isa = PBXBuildFile; fileRef = F3D564DA1CC92FD70096ECCB /* AppDelegate.swift */; };
		F3D564DD1CC92FD70096ECCB /* ViewController.swift in Sources */ = {isa = PBXBuildFile; fileRef = F3D564DC1CC92FD70096ECCB /* ViewController.swift */; };
		F3D564E01CC92FD70096ECCB /* Main.storyboard in Resources */ = {isa = PBXBuildFile; fileRef = F3D564DE1CC92FD70096ECCB /* Main.storyboard */; };
		F3D564E21CC92FD70096ECCB /* Assets.xcassets in Resources */ = {isa = PBXBuildFile; fileRef = F3D564E11CC92FD70096ECCB /* Assets.xcassets */; };
		F3D564E51CC92FD70096ECCB /* LaunchScreen.storyboard in Resources */ = {isa = PBXBuildFile; fileRef = F3D564E31CC92FD70096ECCB /* LaunchScreen.storyboard */; };
		F3D564F01CC92FD70096ECCB /* MidiDevice_TCL_V0_0_0Tests.swift in Sources */ = {isa = PBXBuildFile; fileRef = F3D564EF1CC92FD70096ECCB /* MidiDevice_TCL_V0_0_0Tests.swift */; };
		F3D5650F1CC933BB0096ECCB /* Song.swift in Sources */ = {isa = PBXBuildFile; fileRef = F3D5650E1CC933BB0096ECCB /* Song.swift */; };
		F3D565111CC9346C0096ECCB /* AudioKit.framework in Frameworks */ = {isa = PBXBuildFile; fileRef = F3D565101CC9346C0096ECCB /* AudioKit.framework */; };
		F3D565121CC9346D0096ECCB /* AudioKit.framework in Embed Frameworks */ = {isa = PBXBuildFile; fileRef = F3D565101CC9346C0096ECCB /* AudioKit.framework */; settings = {ATTRIBUTES = (CodeSignOnCopy, RemoveHeadersOnCopy, ); }; };
		F3D5652E1CC935340096ECCB /* BeatFilter.cpp in Sources */ = {isa = PBXBuildFile; fileRef = F3D565241CC935340096ECCB /* BeatFilter.cpp */; };
		F3D5652F1CC935340096ECCB /* Common.cpp in Sources */ = {isa = PBXBuildFile; fileRef = F3D565261CC935340096ECCB /* Common.cpp */; };
		F3D565301CC935340096ECCB /* IMUFilter.cpp in Sources */ = {isa = PBXBuildFile; fileRef = F3D565281CC935340096ECCB /* IMUFilter.cpp */; };
		F3D565311CC935340096ECCB /* MidiSensor.cpp in Sources */ = {isa = PBXBuildFile; fileRef = F3D5652A1CC935340096ECCB /* MidiSensor.cpp */; };
		F3D565321CC935340096ECCB /* MotionFilter.cpp in Sources */ = {isa = PBXBuildFile; fileRef = F3D5652C1CC935340096ECCB /* MotionFilter.cpp */; };
		F3D5653D1CC93A430096ECCB /* MidiSensorWrapper.mm in Sources */ = {isa = PBXBuildFile; fileRef = F3D5653C1CC93A430096ECCB /* MidiSensorWrapper.mm */; };
/* End PBXBuildFile section */

/* Begin PBXContainerItemProxy section */
		F3D564EC1CC92FD70096ECCB /* PBXContainerItemProxy */ = {
			isa = PBXContainerItemProxy;
			containerPortal = F3D564CF1CC92FD60096ECCB /* Project object */;
			proxyType = 1;
			remoteGlobalIDString = F3D564D61CC92FD70096ECCB;
			remoteInfo = MidiDevice_TCL_V0.0.0;
		};
/* End PBXContainerItemProxy section */

/* Begin PBXCopyFilesBuildPhase section */
		F3D564FD1CC930120096ECCB /* Embed Frameworks */ = {
			isa = PBXCopyFilesBuildPhase;
			buildActionMask = 2147483647;
			dstPath = "";
			dstSubfolderSpec = 10;
			files = (
				F3D565121CC9346D0096ECCB /* AudioKit.framework in Embed Frameworks */,
			);
			name = "Embed Frameworks";
			runOnlyForDeploymentPostprocessing = 0;
		};
/* End PBXCopyFilesBuildPhase section */

/* Begin PBXFileReference section */
		F316CA611CE2337200A93ADC /* TestDrums.swift */ = {isa = PBXFileReference; fileEncoding = 4; lastKnownFileType = sourcecode.swift; path = TestDrums.swift; sourceTree = "<group>"; };
		F33D580D1CDE85F0006C0C81 /* Instruments.swift */ = {isa = PBXFileReference; fileEncoding = 4; lastKnownFileType = sourcecode.swift; path = Instruments.swift; sourceTree = "<group>"; };
		F33D580F1CDEA157006C0C81 /* Instrument1Presets.swift */ = {isa = PBXFileReference; fileEncoding = 4; lastKnownFileType = sourcecode.swift; path = Instrument1Presets.swift; sourceTree = "<group>"; };
		F33D58111CDFF462006C0C81 /* Instrument2Presets.swift */ = {isa = PBXFileReference; fileEncoding = 4; lastKnownFileType = sourcecode.swift; path = Instrument2Presets.swift; sourceTree = "<group>"; };
		F3D564D71CC92FD70096ECCB /* MidiDevice_TCL_V0.0.0.app */ = {isa = PBXFileReference; explicitFileType = wrapper.application; includeInIndex = 0; path = MidiDevice_TCL_V0.0.0.app; sourceTree = BUILT_PRODUCTS_DIR; };
		F3D564DA1CC92FD70096ECCB /* AppDelegate.swift */ = {isa = PBXFileReference; lastKnownFileType = sourcecode.swift; path = AppDelegate.swift; sourceTree = "<group>"; };
		F3D564DC1CC92FD70096ECCB /* ViewController.swift */ = {isa = PBXFileReference; lastKnownFileType = sourcecode.swift; path = ViewController.swift; sourceTree = "<group>"; };
		F3D564DF1CC92FD70096ECCB /* Base */ = {isa = PBXFileReference; lastKnownFileType = file.storyboard; name = Base; path = Base.lproj/Main.storyboard; sourceTree = "<group>"; };
		F3D564E11CC92FD70096ECCB /* Assets.xcassets */ = {isa = PBXFileReference; lastKnownFileType = folder.assetcatalog; path = Assets.xcassets; sourceTree = "<group>"; };
		F3D564E41CC92FD70096ECCB /* Base */ = {isa = PBXFileReference; lastKnownFileType = file.storyboard; name = Base; path = Base.lproj/LaunchScreen.storyboard; sourceTree = "<group>"; };
		F3D564E61CC92FD70096ECCB /* Info.plist */ = {isa = PBXFileReference; lastKnownFileType = text.plist.xml; path = Info.plist; sourceTree = "<group>"; };
		F3D564EB1CC92FD70096ECCB /* MidiDevice_TCL_V0.0.0Tests.xctest */ = {isa = PBXFileReference; explicitFileType = wrapper.cfbundle; includeInIndex = 0; path = MidiDevice_TCL_V0.0.0Tests.xctest; sourceTree = BUILT_PRODUCTS_DIR; };
		F3D564EF1CC92FD70096ECCB /* MidiDevice_TCL_V0_0_0Tests.swift */ = {isa = PBXFileReference; lastKnownFileType = sourcecode.swift; path = MidiDevice_TCL_V0_0_0Tests.swift; sourceTree = "<group>"; };
		F3D564F11CC92FD70096ECCB /* Info.plist */ = {isa = PBXFileReference; lastKnownFileType = text.plist.xml; path = Info.plist; sourceTree = "<group>"; };
		F3D5650E1CC933BB0096ECCB /* Song.swift */ = {isa = PBXFileReference; fileEncoding = 4; lastKnownFileType = sourcecode.swift; path = Song.swift; sourceTree = "<group>"; };
		F3D565101CC9346C0096ECCB /* AudioKit.framework */ = {isa = PBXFileReference; lastKnownFileType = wrapper.framework; path = AudioKit.framework; sourceTree = "<group>"; };
		F3D565241CC935340096ECCB /* BeatFilter.cpp */ = {isa = PBXFileReference; fileEncoding = 4; lastKnownFileType = sourcecode.cpp.cpp; path = BeatFilter.cpp; sourceTree = "<group>"; };
		F3D565251CC935340096ECCB /* BeatFilter.h */ = {isa = PBXFileReference; fileEncoding = 4; lastKnownFileType = sourcecode.c.h; path = BeatFilter.h; sourceTree = "<group>"; };
		F3D565261CC935340096ECCB /* Common.cpp */ = {isa = PBXFileReference; fileEncoding = 4; lastKnownFileType = sourcecode.cpp.cpp; path = Common.cpp; sourceTree = "<group>"; };
		F3D565271CC935340096ECCB /* Common.h */ = {isa = PBXFileReference; fileEncoding = 4; lastKnownFileType = sourcecode.c.h; path = Common.h; sourceTree = "<group>"; };
		F3D565281CC935340096ECCB /* IMUFilter.cpp */ = {isa = PBXFileReference; fileEncoding = 4; lastKnownFileType = sourcecode.cpp.cpp; path = IMUFilter.cpp; sourceTree = "<group>"; };
		F3D565291CC935340096ECCB /* IMUFilter.h */ = {isa = PBXFileReference; fileEncoding = 4; lastKnownFileType = sourcecode.c.h; path = IMUFilter.h; sourceTree = "<group>"; };
		F3D5652A1CC935340096ECCB /* MidiSensor.cpp */ = {isa = PBXFileReference; fileEncoding = 4; lastKnownFileType = sourcecode.cpp.cpp; path = MidiSensor.cpp; sourceTree = "<group>"; };
		F3D5652B1CC935340096ECCB /* MidiSensor.h */ = {isa = PBXFileReference; fileEncoding = 4; lastKnownFileType = sourcecode.c.h; path = MidiSensor.h; sourceTree = "<group>"; };
		F3D5652C1CC935340096ECCB /* MotionFilter.cpp */ = {isa = PBXFileReference; fileEncoding = 4; lastKnownFileType = sourcecode.cpp.cpp; path = MotionFilter.cpp; sourceTree = "<group>"; };
		F3D5652D1CC935340096ECCB /* MotionFilter.h */ = {isa = PBXFileReference; fileEncoding = 4; lastKnownFileType = sourcecode.c.h; path = MotionFilter.h; sourceTree = "<group>"; };
		F3D5653B1CC93A430096ECCB /* MidiSensorWrapper.h */ = {isa = PBXFileReference; fileEncoding = 4; lastKnownFileType = sourcecode.c.h; path = MidiSensorWrapper.h; sourceTree = "<group>"; };
		F3D5653C1CC93A430096ECCB /* MidiSensorWrapper.mm */ = {isa = PBXFileReference; fileEncoding = 4; lastKnownFileType = sourcecode.cpp.objcpp; path = MidiSensorWrapper.mm; sourceTree = "<group>"; };
		F3D5654A1CC93BF60096ECCB /* MidiDevice_TCL_V0.0.0-Bridge-Header.h */ = {isa = PBXFileReference; fileEncoding = 4; lastKnownFileType = sourcecode.c.h; path = "MidiDevice_TCL_V0.0.0-Bridge-Header.h"; sourceTree = "<group>"; };
/* End PBXFileReference section */

/* Begin PBXFrameworksBuildPhase section */
		F3D564D41CC92FD70096ECCB /* Frameworks */ = {
			isa = PBXFrameworksBuildPhase;
			buildActionMask = 2147483647;
			files = (
				F3D565111CC9346C0096ECCB /* AudioKit.framework in Frameworks */,
			);
			runOnlyForDeploymentPostprocessing = 0;
		};
		F3D564E81CC92FD70096ECCB /* Frameworks */ = {
			isa = PBXFrameworksBuildPhase;
			buildActionMask = 2147483647;
			files = (
			);
			runOnlyForDeploymentPostprocessing = 0;
		};
/* End PBXFrameworksBuildPhase section */

/* Begin PBXGroup section */
		F3D564CE1CC92FD60096ECCB = {
			isa = PBXGroup;
			children = (
				F3D5654A1CC93BF60096ECCB /* MidiDevice_TCL_V0.0.0-Bridge-Header.h */,
				F3D5653B1CC93A430096ECCB /* MidiSensorWrapper.h */,
				F3D5653C1CC93A430096ECCB /* MidiSensorWrapper.mm */,
				F3D565231CC935340096ECCB /* MidiSensor_V1.0.0 */,
				F3D565101CC9346C0096ECCB /* AudioKit.framework */,
				F3D564D91CC92FD70096ECCB /* MidiDevice_TCL_V0.0.0 */,
				F3D564EE1CC92FD70096ECCB /* MidiDevice_TCL_V0.0.0Tests */,
				F3D564D81CC92FD70096ECCB /* Products */,
			);
			sourceTree = "<group>";
		};
		F3D564D81CC92FD70096ECCB /* Products */ = {
			isa = PBXGroup;
			children = (
				F3D564D71CC92FD70096ECCB /* MidiDevice_TCL_V0.0.0.app */,
				F3D564EB1CC92FD70096ECCB /* MidiDevice_TCL_V0.0.0Tests.xctest */,
			);
			name = Products;
			sourceTree = "<group>";
		};
		F3D564D91CC92FD70096ECCB /* MidiDevice_TCL_V0.0.0 */ = {
			isa = PBXGroup;
			children = (
				F3D564DA1CC92FD70096ECCB /* AppDelegate.swift */,
				F3D564DC1CC92FD70096ECCB /* ViewController.swift */,
				F3D564DE1CC92FD70096ECCB /* Main.storyboard */,
				F3D564E11CC92FD70096ECCB /* Assets.xcassets */,
				F3D564E31CC92FD70096ECCB /* LaunchScreen.storyboard */,
				F3D564E61CC92FD70096ECCB /* Info.plist */,
				F3D5650E1CC933BB0096ECCB /* Song.swift */,
				F33D580D1CDE85F0006C0C81 /* Instruments.swift */,
				F33D580F1CDEA157006C0C81 /* Instrument1Presets.swift */,
				F33D58111CDFF462006C0C81 /* Instrument2Presets.swift */,
				F316CA611CE2337200A93ADC /* TestDrums.swift */,
			);
			path = MidiDevice_TCL_V0.0.0;
			sourceTree = "<group>";
		};
		F3D564EE1CC92FD70096ECCB /* MidiDevice_TCL_V0.0.0Tests */ = {
			isa = PBXGroup;
			children = (
				F3D564EF1CC92FD70096ECCB /* MidiDevice_TCL_V0_0_0Tests.swift */,
				F3D564F11CC92FD70096ECCB /* Info.plist */,
			);
			path = MidiDevice_TCL_V0.0.0Tests;
			sourceTree = "<group>";
		};
		F3D565231CC935340096ECCB /* MidiSensor_V1.0.0 */ = {
			isa = PBXGroup;
			children = (
				F3D565241CC935340096ECCB /* BeatFilter.cpp */,
				F3D565251CC935340096ECCB /* BeatFilter.h */,
				F3D565261CC935340096ECCB /* Common.cpp */,
				F3D565271CC935340096ECCB /* Common.h */,
				F3D565281CC935340096ECCB /* IMUFilter.cpp */,
				F3D565291CC935340096ECCB /* IMUFilter.h */,
				F3D5652A1CC935340096ECCB /* MidiSensor.cpp */,
				F3D5652B1CC935340096ECCB /* MidiSensor.h */,
				F3D5652C1CC935340096ECCB /* MotionFilter.cpp */,
				F3D5652D1CC935340096ECCB /* MotionFilter.h */,
			);
			path = MidiSensor_V1.0.0;
			sourceTree = "<group>";
		};
/* End PBXGroup section */

/* Begin PBXNativeTarget section */
		F3D564D61CC92FD70096ECCB /* MidiDevice_TCL_V0.0.0 */ = {
			isa = PBXNativeTarget;
			buildConfigurationList = F3D564F41CC92FD70096ECCB /* Build configuration list for PBXNativeTarget "MidiDevice_TCL_V0.0.0" */;
			buildPhases = (
				F3D564D31CC92FD70096ECCB /* Sources */,
				F3D564D41CC92FD70096ECCB /* Frameworks */,
				F3D564D51CC92FD70096ECCB /* Resources */,
				F3D564FD1CC930120096ECCB /* Embed Frameworks */,
			);
			buildRules = (
			);
			dependencies = (
			);
			name = MidiDevice_TCL_V0.0.0;
			productName = MidiDevice_TCL_V0.0.0;
			productReference = F3D564D71CC92FD70096ECCB /* MidiDevice_TCL_V0.0.0.app */;
			productType = "com.apple.product-type.application";
		};
		F3D564EA1CC92FD70096ECCB /* MidiDevice_TCL_V0.0.0Tests */ = {
			isa = PBXNativeTarget;
			buildConfigurationList = F3D564F71CC92FD70096ECCB /* Build configuration list for PBXNativeTarget "MidiDevice_TCL_V0.0.0Tests" */;
			buildPhases = (
				F3D564E71CC92FD70096ECCB /* Sources */,
				F3D564E81CC92FD70096ECCB /* Frameworks */,
				F3D564E91CC92FD70096ECCB /* Resources */,
			);
			buildRules = (
			);
			dependencies = (
				F3D564ED1CC92FD70096ECCB /* PBXTargetDependency */,
			);
			name = MidiDevice_TCL_V0.0.0Tests;
			productName = MidiDevice_TCL_V0.0.0Tests;
			productReference = F3D564EB1CC92FD70096ECCB /* MidiDevice_TCL_V0.0.0Tests.xctest */;
			productType = "com.apple.product-type.bundle.unit-test";
		};
/* End PBXNativeTarget section */

/* Begin PBXProject section */
		F3D564CF1CC92FD60096ECCB /* Project object */ = {
			isa = PBXProject;
			attributes = {
				LastSwiftUpdateCheck = 0730;
				LastUpgradeCheck = 0730;
				ORGANIZATIONNAME = wristband;
				TargetAttributes = {
					F3D564D61CC92FD70096ECCB = {
						CreatedOnToolsVersion = 7.3;
						SystemCapabilities = {
							com.apple.BackgroundModes = {
								enabled = 1;
							};
						};
					};
					F3D564EA1CC92FD70096ECCB = {
						CreatedOnToolsVersion = 7.3;
						TestTargetID = F3D564D61CC92FD70096ECCB;
					};
				};
			};
			buildConfigurationList = F3D564D21CC92FD60096ECCB /* Build configuration list for PBXProject "MidiDevice_TCL_V0.0.0" */;
			compatibilityVersion = "Xcode 3.2";
			developmentRegion = English;
			hasScannedForEncodings = 0;
			knownRegions = (
				en,
				Base,
			);
			mainGroup = F3D564CE1CC92FD60096ECCB;
			productRefGroup = F3D564D81CC92FD70096ECCB /* Products */;
			projectDirPath = "";
			projectRoot = "";
			targets = (
				F3D564D61CC92FD70096ECCB /* MidiDevice_TCL_V0.0.0 */,
				F3D564EA1CC92FD70096ECCB /* MidiDevice_TCL_V0.0.0Tests */,
			);
		};
/* End PBXProject section */

/* Begin PBXResourcesBuildPhase section */
		F3D564D51CC92FD70096ECCB /* Resources */ = {
			isa = PBXResourcesBuildPhase;
			buildActionMask = 2147483647;
			files = (
				F3D564E51CC92FD70096ECCB /* LaunchScreen.storyboard in Resources */,
				F3D564E21CC92FD70096ECCB /* Assets.xcassets in Resources */,
				F3D564E01CC92FD70096ECCB /* Main.storyboard in Resources */,
			);
			runOnlyForDeploymentPostprocessing = 0;
		};
		F3D564E91CC92FD70096ECCB /* Resources */ = {
			isa = PBXResourcesBuildPhase;
			buildActionMask = 2147483647;
			files = (
			);
			runOnlyForDeploymentPostprocessing = 0;
		};
/* End PBXResourcesBuildPhase section */

/* Begin PBXSourcesBuildPhase section */
		F3D564D31CC92FD70096ECCB /* Sources */ = {
			isa = PBXSourcesBuildPhase;
			buildActionMask = 2147483647;
			files = (
				F33D58121CDFF462006C0C81 /* Instrument2Presets.swift in Sources */,
				F316CA621CE2337200A93ADC /* TestDrums.swift in Sources */,
				F3D564DD1CC92FD70096ECCB /* ViewController.swift in Sources */,
				F3D565311CC935340096ECCB /* MidiSensor.cpp in Sources */,
				F33D58101CDEA157006C0C81 /* Instrument1Presets.swift in Sources */,
				F33D580E1CDE85F0006C0C81 /* Instruments.swift in Sources */,
				F3D5652E1CC935340096ECCB /* BeatFilter.cpp in Sources */,
				F3D5650F1CC933BB0096ECCB /* Song.swift in Sources */,
				F3D5652F1CC935340096ECCB /* Common.cpp in Sources */,
				F3D5653D1CC93A430096ECCB /* MidiSensorWrapper.mm in Sources */,
				F3D565321CC935340096ECCB /* MotionFilter.cpp in Sources */,
				F3D564DB1CC92FD70096ECCB /* AppDelegate.swift in Sources */,
				F3D565301CC935340096ECCB /* IMUFilter.cpp in Sources */,
			);
			runOnlyForDeploymentPostprocessing = 0;
		};
		F3D564E71CC92FD70096ECCB /* Sources */ = {
			isa = PBXSourcesBuildPhase;
			buildActionMask = 2147483647;
			files = (
				F3D564F01CC92FD70096ECCB /* MidiDevice_TCL_V0_0_0Tests.swift in Sources */,
			);
			runOnlyForDeploymentPostprocessing = 0;
		};
/* End PBXSourcesBuildPhase section */

/* Begin PBXTargetDependency section */
		F3D564ED1CC92FD70096ECCB /* PBXTargetDependency */ = {
			isa = PBXTargetDependency;
			target = F3D564D61CC92FD70096ECCB /* MidiDevice_TCL_V0.0.0 */;
			targetProxy = F3D564EC1CC92FD70096ECCB /* PBXContainerItemProxy */;
		};
/* End PBXTargetDependency section */

/* Begin PBXVariantGroup section */
		F3D564DE1CC92FD70096ECCB /* Main.storyboard */ = {
			isa = PBXVariantGroup;
			children = (
				F3D564DF1CC92FD70096ECCB /* Base */,
			);
			name = Main.storyboard;
			sourceTree = "<group>";
		};
		F3D564E31CC92FD70096ECCB /* LaunchScreen.storyboard */ = {
			isa = PBXVariantGroup;
			children = (
				F3D564E41CC92FD70096ECCB /* Base */,
			);
			name = LaunchScreen.storyboard;
			sourceTree = "<group>";
		};
/* End PBXVariantGroup section */

/* Begin XCBuildConfiguration section */
		F3D564F21CC92FD70096ECCB /* Debug */ = {
			isa = XCBuildConfiguration;
			buildSettings = {
				ALWAYS_SEARCH_USER_PATHS = NO;
				CLANG_ANALYZER_NONNULL = YES;
				CLANG_CXX_LANGUAGE_STANDARD = "gnu++0x";
				CLANG_CXX_LIBRARY = "libc++";
				CLANG_ENABLE_MODULES = YES;
				CLANG_ENABLE_OBJC_ARC = YES;
				CLANG_WARN_BOOL_CONVERSION = YES;
				CLANG_WARN_CONSTANT_CONVERSION = YES;
				CLANG_WARN_DIRECT_OBJC_ISA_USAGE = YES_ERROR;
				CLANG_WARN_EMPTY_BODY = YES;
				CLANG_WARN_ENUM_CONVERSION = YES;
				CLANG_WARN_INT_CONVERSION = YES;
				CLANG_WARN_OBJC_ROOT_CLASS = YES_ERROR;
				CLANG_WARN_UNREACHABLE_CODE = YES;
				CLANG_WARN__DUPLICATE_METHOD_MATCH = YES;
				"CODE_SIGN_IDENTITY[sdk=iphoneos*]" = "iPhone Developer";
				COPY_PHASE_STRIP = NO;
				DEBUG_INFORMATION_FORMAT = dwarf;
				ENABLE_STRICT_OBJC_MSGSEND = YES;
				ENABLE_TESTABILITY = YES;
				GCC_C_LANGUAGE_STANDARD = gnu99;
				GCC_DYNAMIC_NO_PIC = NO;
				GCC_NO_COMMON_BLOCKS = YES;
				GCC_OPTIMIZATION_LEVEL = 0;
				GCC_PREPROCESSOR_DEFINITIONS = (
					"DEBUG=1",
					"$(inherited)",
				);
				GCC_WARN_64_TO_32_BIT_CONVERSION = YES;
				GCC_WARN_ABOUT_RETURN_TYPE = YES_ERROR;
				GCC_WARN_UNDECLARED_SELECTOR = YES;
				GCC_WARN_UNINITIALIZED_AUTOS = YES_AGGRESSIVE;
				GCC_WARN_UNUSED_FUNCTION = YES;
				GCC_WARN_UNUSED_VARIABLE = YES;
				IPHONEOS_DEPLOYMENT_TARGET = 9.3;
				MTL_ENABLE_DEBUG_INFO = YES;
				ONLY_ACTIVE_ARCH = YES;
				SDKROOT = iphoneos;
				SWIFT_OPTIMIZATION_LEVEL = "-Onone";
				TARGETED_DEVICE_FAMILY = "1,2";
			};
			name = Debug;
		};
		F3D564F31CC92FD70096ECCB /* Release */ = {
			isa = XCBuildConfiguration;
			buildSettings = {
				ALWAYS_SEARCH_USER_PATHS = NO;
				CLANG_ANALYZER_NONNULL = YES;
				CLANG_CXX_LANGUAGE_STANDARD = "gnu++0x";
				CLANG_CXX_LIBRARY = "libc++";
				CLANG_ENABLE_MODULES = YES;
				CLANG_ENABLE_OBJC_ARC = YES;
				CLANG_WARN_BOOL_CONVERSION = YES;
				CLANG_WARN_CONSTANT_CONVERSION = YES;
				CLANG_WARN_DIRECT_OBJC_ISA_USAGE = YES_ERROR;
				CLANG_WARN_EMPTY_BODY = YES;
				CLANG_WARN_ENUM_CONVERSION = YES;
				CLANG_WARN_INT_CONVERSION = YES;
				CLANG_WARN_OBJC_ROOT_CLASS = YES_ERROR;
				CLANG_WARN_UNREACHABLE_CODE = YES;
				CLANG_WARN__DUPLICATE_METHOD_MATCH = YES;
				"CODE_SIGN_IDENTITY[sdk=iphoneos*]" = "iPhone Developer";
				COPY_PHASE_STRIP = NO;
				DEBUG_INFORMATION_FORMAT = "dwarf-with-dsym";
				ENABLE_NS_ASSERTIONS = NO;
				ENABLE_STRICT_OBJC_MSGSEND = YES;
				GCC_C_LANGUAGE_STANDARD = gnu99;
				GCC_NO_COMMON_BLOCKS = YES;
				GCC_WARN_64_TO_32_BIT_CONVERSION = YES;
				GCC_WARN_ABOUT_RETURN_TYPE = YES_ERROR;
				GCC_WARN_UNDECLARED_SELECTOR = YES;
				GCC_WARN_UNINITIALIZED_AUTOS = YES_AGGRESSIVE;
				GCC_WARN_UNUSED_FUNCTION = YES;
				GCC_WARN_UNUSED_VARIABLE = YES;
				IPHONEOS_DEPLOYMENT_TARGET = 9.3;
				MTL_ENABLE_DEBUG_INFO = NO;
				SDKROOT = iphoneos;
				TARGETED_DEVICE_FAMILY = "1,2";
				VALIDATE_PRODUCT = YES;
			};
			name = Release;
		};
		F3D564F51CC92FD70096ECCB /* Debug */ = {
			isa = XCBuildConfiguration;
			buildSettings = {
				ASSETCATALOG_COMPILER_APPICON_NAME = AppIcon;
				FRAMEWORK_SEARCH_PATHS = (
					"$(inherited)",
					"$(PROJECT_DIR)",
				);
				INFOPLIST_FILE = MidiDevice_TCL_V0.0.0/Info.plist;
				LD_RUNPATH_SEARCH_PATHS = "$(inherited) @executable_path/Frameworks";
				PRODUCT_BUNDLE_IDENTIFIER = "wristband.MidiDevice-TCL-V0-0-0";
				PRODUCT_NAME = "$(TARGET_NAME)";
				SWIFT_OBJC_BRIDGING_HEADER = "MidiDevice_TCL_V0.0.0-Bridge-Header.h";
			};
			name = Debug;
		};
		F3D564F61CC92FD70096ECCB /* Release */ = {
			isa = XCBuildConfiguration;
			buildSettings = {
				ASSETCATALOG_COMPILER_APPICON_NAME = AppIcon;
				FRAMEWORK_SEARCH_PATHS = (
					"$(inherited)",
					"$(PROJECT_DIR)",
				);
				INFOPLIST_FILE = MidiDevice_TCL_V0.0.0/Info.plist;
				LD_RUNPATH_SEARCH_PATHS = "$(inherited) @executable_path/Frameworks";
				PRODUCT_BUNDLE_IDENTIFIER = "wristband.MidiDevice-TCL-V0-0-0";
				PRODUCT_NAME = "$(TARGET_NAME)";
				SWIFT_OBJC_BRIDGING_HEADER = "MidiDevice_TCL_V0.0.0-Bridge-Header.h";
			};
			name = Release;
		};
		F3D564F81CC92FD70096ECCB /* Debug */ = {
			isa = XCBuildConfiguration;
			buildSettings = {
				BUNDLE_LOADER = "$(TEST_HOST)";
				CLANG_ENABLE_MODULES = YES;
				INFOPLIST_FILE = MidiDevice_TCL_V0.0.0Tests/Info.plist;
				LD_RUNPATH_SEARCH_PATHS = "$(inherited) @executable_path/Frameworks @loader_path/Frameworks";
				PRODUCT_BUNDLE_IDENTIFIER = "wristband.MidiDevice-TCL-V0-0-0Tests";
				PRODUCT_NAME = "$(TARGET_NAME)";
				SWIFT_OBJC_BRIDGING_HEADER = "MidiDevice_TCL_V0.0.0Tests-Bridging-Header.h";
				SWIFT_OPTIMIZATION_LEVEL = "-Onone";
				TEST_HOST = "$(BUILT_PRODUCTS_DIR)/MidiDevice_TCL_V0.0.0.app/MidiDevice_TCL_V0.0.0";
			};
			name = Debug;
		};
		F3D564F91CC92FD70096ECCB /* Release */ = {
			isa = XCBuildConfiguration;
			buildSettings = {
				BUNDLE_LOADER = "$(TEST_HOST)";
				CLANG_ENABLE_MODULES = YES;
				INFOPLIST_FILE = MidiDevice_TCL_V0.0.0Tests/Info.plist;
				LD_RUNPATH_SEARCH_PATHS = "$(inherited) @executable_path/Frameworks @loader_path/Frameworks";
				PRODUCT_BUNDLE_IDENTIFIER = "wristband.MidiDevice-TCL-V0-0-0Tests";
				PRODUCT_NAME = "$(TARGET_NAME)";
				SWIFT_OBJC_BRIDGING_HEADER = "MidiDevice_TCL_V0.0.0Tests-Bridging-Header.h";
				TEST_HOST = "$(BUILT_PRODUCTS_DIR)/MidiDevice_TCL_V0.0.0.app/MidiDevice_TCL_V0.0.0";
			};
			name = Release;
		};
/* End XCBuildConfiguration section */

/* Begin XCConfigurationList section */
		F3D564D21CC92FD60096ECCB /* Build configuration list for PBXProject "MidiDevice_TCL_V0.0.0" */ = {
			isa = XCConfigurationList;
			buildConfigurations = (
				F3D564F21CC92FD70096ECCB /* Debug */,
				F3D564F31CC92FD70096ECCB /* Release */,
			);
			defaultConfigurationIsVisible = 0;
			defaultConfigurationName = Release;
		};
		F3D564F41CC92FD70096ECCB /* Build configuration list for PBXNativeTarget "MidiDevice_TCL_V0.0.0" */ = {
			isa = XCConfigurationList;
			buildConfigurations = (
				F3D564F51CC92FD70096ECCB /* Debug */,
				F3D564F61CC92FD70096ECCB /* Release */,
			);
			defaultConfigurationIsVisible = 0;
			defaultConfigurationName = Release;
		};
		F3D564F71CC92FD70096ECCB /* Build configuration list for PBXNativeTarget "MidiDevice_TCL_V0.0.0Tests" */ = {
			isa = XCConfigurationList;
			buildConfigurations = (
				F3D564F81CC92FD70096ECCB /* Debug */,
				F3D564F91CC92FD70096ECCB /* Release */,
			);
			defaultConfigurationIsVisible = 0;
			defaultConfigurationName = Release;
		};
/* End XCConfigurationList section */
	};
	rootObject = F3D564CF1CC92FD60096ECCB /* Project object */;
}
